// !$*UTF8*$!
{
	archiveVersion = 1;
	classes = {
	};
	objectVersion = 50;
	objects = {

/* Begin PBXBuildFile section */
		16324A6A2216B31600A6DE3B /* AppDelegate.m in Sources */ = {isa = PBXBuildFile; fileRef = 16324A692216B31600A6DE3B /* AppDelegate.m */; };
		16324A6D2216B31600A6DE3B /* ViewController.m in Sources */ = {isa = PBXBuildFile; fileRef = 16324A6C2216B31600A6DE3B /* ViewController.m */; };
		16324A702216B31600A6DE3B /* Main.storyboard in Resources */ = {isa = PBXBuildFile; fileRef = 16324A6E2216B31600A6DE3B /* Main.storyboard */; };
		16324A722216B31600A6DE3B /* Assets.xcassets in Resources */ = {isa = PBXBuildFile; fileRef = 16324A712216B31600A6DE3B /* Assets.xcassets */; };
		16324A752216B31600A6DE3B /* LaunchScreen.storyboard in Resources */ = {isa = PBXBuildFile; fileRef = 16324A732216B31600A6DE3B /* LaunchScreen.storyboard */; };
		16324A782216B31600A6DE3B /* main.m in Sources */ = {isa = PBXBuildFile; fileRef = 16324A772216B31600A6DE3B /* main.m */; };
		16324A822216B31600A6DE3B /* EnhanceAppRobustTests.m in Sources */ = {isa = PBXBuildFile; fileRef = 16324A812216B31600A6DE3B /* EnhanceAppRobustTests.m */; };
		16324A8D2216B31600A6DE3B /* EnhanceAppRobustUITests.m in Sources */ = {isa = PBXBuildFile; fileRef = 16324A8C2216B31600A6DE3B /* EnhanceAppRobustUITests.m */; };
		16324AA22216B34700A6DE3B /* AppDelegate.m in Sources */ = {isa = PBXBuildFile; fileRef = 16324AA12216B34700A6DE3B /* AppDelegate.m */; };
		16324AA52216B34700A6DE3B /* ViewController.m in Sources */ = {isa = PBXBuildFile; fileRef = 16324AA42216B34700A6DE3B /* ViewController.m */; };
		16324AA72216B34700A6DE3B /* Assets.xcassets in Resources */ = {isa = PBXBuildFile; fileRef = 16324AA62216B34700A6DE3B /* Assets.xcassets */; };
		16324AAA2216B34700A6DE3B /* Main.storyboard in Resources */ = {isa = PBXBuildFile; fileRef = 16324AA82216B34700A6DE3B /* Main.storyboard */; };
		16324AAD2216B34700A6DE3B /* main.m in Sources */ = {isa = PBXBuildFile; fileRef = 16324AAC2216B34700A6DE3B /* main.m */; };
		16324AB82216B34800A6DE3B /* EnhanceAppRobust_OSXTests.m in Sources */ = {isa = PBXBuildFile; fileRef = 16324AB72216B34800A6DE3B /* EnhanceAppRobust_OSXTests.m */; };
		16324AC32216B34800A6DE3B /* EnhanceAppRobust_OSXUITests.m in Sources */ = {isa = PBXBuildFile; fileRef = 16324AC22216B34800A6DE3B /* EnhanceAppRobust_OSXUITests.m */; };
		16324AD62216B3B200A6DE3B /* AppDelegate.m in Sources */ = {isa = PBXBuildFile; fileRef = 16324AD52216B3B200A6DE3B /* AppDelegate.m */; };
		16324AD92216B3B200A6DE3B /* ViewController.m in Sources */ = {isa = PBXBuildFile; fileRef = 16324AD82216B3B200A6DE3B /* ViewController.m */; };
		16324ADC2216B3B200A6DE3B /* Main.storyboard in Resources */ = {isa = PBXBuildFile; fileRef = 16324ADA2216B3B200A6DE3B /* Main.storyboard */; };
		16324ADE2216B3B200A6DE3B /* Assets.xcassets in Resources */ = {isa = PBXBuildFile; fileRef = 16324ADD2216B3B200A6DE3B /* Assets.xcassets */; };
		16324AE12216B3B200A6DE3B /* LaunchScreen.storyboard in Resources */ = {isa = PBXBuildFile; fileRef = 16324ADF2216B3B200A6DE3B /* LaunchScreen.storyboard */; };
		16324AE42216B3B200A6DE3B /* main.m in Sources */ = {isa = PBXBuildFile; fileRef = 16324AE32216B3B200A6DE3B /* main.m */; };
		16324AEE2216B3B200A6DE3B /* EnhanceAppRobust_iOSTests.m in Sources */ = {isa = PBXBuildFile; fileRef = 16324AED2216B3B200A6DE3B /* EnhanceAppRobust_iOSTests.m */; };
		16324AF92216B3B300A6DE3B /* EnhanceAppRobust_iOSUITests.m in Sources */ = {isa = PBXBuildFile; fileRef = 16324AF82216B3B300A6DE3B /* EnhanceAppRobust_iOSUITests.m */; };
		16324B212216B40300A6DE3B /* ExceptionCatchManager.m in Sources */ = {isa = PBXBuildFile; fileRef = 16324B062216B40300A6DE3B /* ExceptionCatchManager.m */; };
		16324B222216B40300A6DE3B /* ExceptionCatchManager.m in Sources */ = {isa = PBXBuildFile; fileRef = 16324B062216B40300A6DE3B /* ExceptionCatchManager.m */; };
		16324B232216B40300A6DE3B /* ExceptionCatchManager.m in Sources */ = {isa = PBXBuildFile; fileRef = 16324B062216B40300A6DE3B /* ExceptionCatchManager.m */; };
		16324B242216B40300A6DE3B /* BSBacktraceLogger.m in Sources */ = {isa = PBXBuildFile; fileRef = 16324B0A2216B40300A6DE3B /* BSBacktraceLogger.m */; };
		16324B252216B40300A6DE3B /* BSBacktraceLogger.m in Sources */ = {isa = PBXBuildFile; fileRef = 16324B0A2216B40300A6DE3B /* BSBacktraceLogger.m */; };
		16324B262216B40300A6DE3B /* BSBacktraceLogger.m in Sources */ = {isa = PBXBuildFile; fileRef = 16324B0A2216B40300A6DE3B /* BSBacktraceLogger.m */; };
		16324B272216B40300A6DE3B /* NSArray+Swizzled.m in Sources */ = {isa = PBXBuildFile; fileRef = 16324B102216B40300A6DE3B /* NSArray+Swizzled.m */; };
		16324B282216B40300A6DE3B /* NSArray+Swizzled.m in Sources */ = {isa = PBXBuildFile; fileRef = 16324B102216B40300A6DE3B /* NSArray+Swizzled.m */; };
		16324B292216B40300A6DE3B /* NSArray+Swizzled.m in Sources */ = {isa = PBXBuildFile; fileRef = 16324B102216B40300A6DE3B /* NSArray+Swizzled.m */; };
		16324B2A2216B40300A6DE3B /* NSMutableString+Swizzled.m in Sources */ = {isa = PBXBuildFile; fileRef = 16324B122216B40300A6DE3B /* NSMutableString+Swizzled.m */; };
		16324B2B2216B40300A6DE3B /* NSMutableString+Swizzled.m in Sources */ = {isa = PBXBuildFile; fileRef = 16324B122216B40300A6DE3B /* NSMutableString+Swizzled.m */; };
		16324B2C2216B40300A6DE3B /* NSMutableString+Swizzled.m in Sources */ = {isa = PBXBuildFile; fileRef = 16324B122216B40300A6DE3B /* NSMutableString+Swizzled.m */; };
		16324B2D2216B40300A6DE3B /* NSMutableArray+Swizzled.m in Sources */ = {isa = PBXBuildFile; fileRef = 16324B152216B40300A6DE3B /* NSMutableArray+Swizzled.m */; };
		16324B2E2216B40300A6DE3B /* NSMutableArray+Swizzled.m in Sources */ = {isa = PBXBuildFile; fileRef = 16324B152216B40300A6DE3B /* NSMutableArray+Swizzled.m */; };
		16324B2F2216B40300A6DE3B /* NSMutableArray+Swizzled.m in Sources */ = {isa = PBXBuildFile; fileRef = 16324B152216B40300A6DE3B /* NSMutableArray+Swizzled.m */; };
		16324B302216B40300A6DE3B /* NSObject+Swizzled.m in Sources */ = {isa = PBXBuildFile; fileRef = 16324B172216B40300A6DE3B /* NSObject+Swizzled.m */; };
		16324B312216B40300A6DE3B /* NSObject+Swizzled.m in Sources */ = {isa = PBXBuildFile; fileRef = 16324B172216B40300A6DE3B /* NSObject+Swizzled.m */; };
		16324B322216B40300A6DE3B /* NSObject+Swizzled.m in Sources */ = {isa = PBXBuildFile; fileRef = 16324B172216B40300A6DE3B /* NSObject+Swizzled.m */; };
		16324B332216B40300A6DE3B /* NSMutableIndexSet+Swizzled.m in Sources */ = {isa = PBXBuildFile; fileRef = 16324B182216B40300A6DE3B /* NSMutableIndexSet+Swizzled.m */; };
		16324B342216B40300A6DE3B /* NSMutableIndexSet+Swizzled.m in Sources */ = {isa = PBXBuildFile; fileRef = 16324B182216B40300A6DE3B /* NSMutableIndexSet+Swizzled.m */; };
		16324B352216B40300A6DE3B /* NSMutableIndexSet+Swizzled.m in Sources */ = {isa = PBXBuildFile; fileRef = 16324B182216B40300A6DE3B /* NSMutableIndexSet+Swizzled.m */; };
		16324B362216B40300A6DE3B /* NSMutableDictionary+Swizzled.m in Sources */ = {isa = PBXBuildFile; fileRef = 16324B1A2216B40300A6DE3B /* NSMutableDictionary+Swizzled.m */; };
		16324B372216B40300A6DE3B /* NSMutableDictionary+Swizzled.m in Sources */ = {isa = PBXBuildFile; fileRef = 16324B1A2216B40300A6DE3B /* NSMutableDictionary+Swizzled.m */; };
		16324B382216B40300A6DE3B /* NSMutableDictionary+Swizzled.m in Sources */ = {isa = PBXBuildFile; fileRef = 16324B1A2216B40300A6DE3B /* NSMutableDictionary+Swizzled.m */; };
		16324B392216B40300A6DE3B /* NSString+Swizzled.m in Sources */ = {isa = PBXBuildFile; fileRef = 16324B1B2216B40300A6DE3B /* NSString+Swizzled.m */; };
		16324B3A2216B40300A6DE3B /* NSString+Swizzled.m in Sources */ = {isa = PBXBuildFile; fileRef = 16324B1B2216B40300A6DE3B /* NSString+Swizzled.m */; };
		16324B3B2216B40300A6DE3B /* NSString+Swizzled.m in Sources */ = {isa = PBXBuildFile; fileRef = 16324B1B2216B40300A6DE3B /* NSString+Swizzled.m */; };
		16324B3C2216B40300A6DE3B /* NSObject+CCategory.m in Sources */ = {isa = PBXBuildFile; fileRef = 16324B1C2216B40300A6DE3B /* NSObject+CCategory.m */; };
		16324B3D2216B40300A6DE3B /* NSObject+CCategory.m in Sources */ = {isa = PBXBuildFile; fileRef = 16324B1C2216B40300A6DE3B /* NSObject+CCategory.m */; };
		16324B3E2216B40300A6DE3B /* NSObject+CCategory.m in Sources */ = {isa = PBXBuildFile; fileRef = 16324B1C2216B40300A6DE3B /* NSObject+CCategory.m */; };
		16324B3F2216B40300A6DE3B /* SwizzleMethodManager.m in Sources */ = {isa = PBXBuildFile; fileRef = 16324B1F2216B40300A6DE3B /* SwizzleMethodManager.m */; };
		16324B402216B40300A6DE3B /* SwizzleMethodManager.m in Sources */ = {isa = PBXBuildFile; fileRef = 16324B1F2216B40300A6DE3B /* SwizzleMethodManager.m */; };
		16324B412216B40300A6DE3B /* SwizzleMethodManager.m in Sources */ = {isa = PBXBuildFile; fileRef = 16324B1F2216B40300A6DE3B /* SwizzleMethodManager.m */; };
/* End PBXBuildFile section */

/* Begin PBXContainerItemProxy section */
		16324A7E2216B31600A6DE3B /* PBXContainerItemProxy */ = {
			isa = PBXContainerItemProxy;
			containerPortal = 16324A5D2216B31600A6DE3B /* Project object */;
			proxyType = 1;
			remoteGlobalIDString = 16324A642216B31600A6DE3B;
			remoteInfo = EnhanceAppRobust;
		};
		16324A892216B31600A6DE3B /* PBXContainerItemProxy */ = {
			isa = PBXContainerItemProxy;
			containerPortal = 16324A5D2216B31600A6DE3B /* Project object */;
			proxyType = 1;
			remoteGlobalIDString = 16324A642216B31600A6DE3B;
			remoteInfo = EnhanceAppRobust;
		};
		16324AB42216B34800A6DE3B /* PBXContainerItemProxy */ = {
			isa = PBXContainerItemProxy;
			containerPortal = 16324A5D2216B31600A6DE3B /* Project object */;
			proxyType = 1;
			remoteGlobalIDString = 16324A9D2216B34700A6DE3B;
			remoteInfo = "EnhanceAppRobust-OSX";
		};
		16324ABF2216B34800A6DE3B /* PBXContainerItemProxy */ = {
			isa = PBXContainerItemProxy;
			containerPortal = 16324A5D2216B31600A6DE3B /* Project object */;
			proxyType = 1;
			remoteGlobalIDString = 16324A9D2216B34700A6DE3B;
			remoteInfo = "EnhanceAppRobust-OSX";
		};
		16324AEA2216B3B200A6DE3B /* PBXContainerItemProxy */ = {
			isa = PBXContainerItemProxy;
			containerPortal = 16324A5D2216B31600A6DE3B /* Project object */;
			proxyType = 1;
			remoteGlobalIDString = 16324AD12216B3B200A6DE3B;
			remoteInfo = "EnhanceAppRobust-iOS";
		};
		16324AF52216B3B300A6DE3B /* PBXContainerItemProxy */ = {
			isa = PBXContainerItemProxy;
			containerPortal = 16324A5D2216B31600A6DE3B /* Project object */;
			proxyType = 1;
			remoteGlobalIDString = 16324AD12216B3B200A6DE3B;
			remoteInfo = "EnhanceAppRobust-iOS";
		};
/* End PBXContainerItemProxy section */

/* Begin PBXFileReference section */
		16324A652216B31600A6DE3B /* EnhanceAppRobust.app */ = {isa = PBXFileReference; explicitFileType = wrapper.application; includeInIndex = 0; path = EnhanceAppRobust.app; sourceTree = BUILT_PRODUCTS_DIR; };
		16324A682216B31600A6DE3B /* AppDelegate.h */ = {isa = PBXFileReference; lastKnownFileType = sourcecode.c.h; path = AppDelegate.h; sourceTree = "<group>"; };
		16324A692216B31600A6DE3B /* AppDelegate.m */ = {isa = PBXFileReference; lastKnownFileType = sourcecode.c.objc; path = AppDelegate.m; sourceTree = "<group>"; };
		16324A6B2216B31600A6DE3B /* ViewController.h */ = {isa = PBXFileReference; lastKnownFileType = sourcecode.c.h; path = ViewController.h; sourceTree = "<group>"; };
		16324A6C2216B31600A6DE3B /* ViewController.m */ = {isa = PBXFileReference; lastKnownFileType = sourcecode.c.objc; path = ViewController.m; sourceTree = "<group>"; };
		16324A6F2216B31600A6DE3B /* Base */ = {isa = PBXFileReference; lastKnownFileType = file.storyboard; name = Base; path = Base.lproj/Main.storyboard; sourceTree = "<group>"; };
		16324A712216B31600A6DE3B /* Assets.xcassets */ = {isa = PBXFileReference; lastKnownFileType = folder.assetcatalog; path = Assets.xcassets; sourceTree = "<group>"; };
		16324A742216B31600A6DE3B /* Base */ = {isa = PBXFileReference; lastKnownFileType = file.storyboard; name = Base; path = Base.lproj/LaunchScreen.storyboard; sourceTree = "<group>"; };
		16324A762216B31600A6DE3B /* Info.plist */ = {isa = PBXFileReference; lastKnownFileType = text.plist.xml; path = Info.plist; sourceTree = "<group>"; };
		16324A772216B31600A6DE3B /* main.m */ = {isa = PBXFileReference; lastKnownFileType = sourcecode.c.objc; path = main.m; sourceTree = "<group>"; };
		16324A7D2216B31600A6DE3B /* EnhanceAppRobustTests.xctest */ = {isa = PBXFileReference; explicitFileType = wrapper.cfbundle; includeInIndex = 0; path = EnhanceAppRobustTests.xctest; sourceTree = BUILT_PRODUCTS_DIR; };
		16324A812216B31600A6DE3B /* EnhanceAppRobustTests.m */ = {isa = PBXFileReference; lastKnownFileType = sourcecode.c.objc; path = EnhanceAppRobustTests.m; sourceTree = "<group>"; };
		16324A832216B31600A6DE3B /* Info.plist */ = {isa = PBXFileReference; lastKnownFileType = text.plist.xml; path = Info.plist; sourceTree = "<group>"; };
		16324A882216B31600A6DE3B /* EnhanceAppRobustUITests.xctest */ = {isa = PBXFileReference; explicitFileType = wrapper.cfbundle; includeInIndex = 0; path = EnhanceAppRobustUITests.xctest; sourceTree = BUILT_PRODUCTS_DIR; };
		16324A8C2216B31600A6DE3B /* EnhanceAppRobustUITests.m */ = {isa = PBXFileReference; lastKnownFileType = sourcecode.c.objc; path = EnhanceAppRobustUITests.m; sourceTree = "<group>"; };
		16324A8E2216B31600A6DE3B /* Info.plist */ = {isa = PBXFileReference; lastKnownFileType = text.plist.xml; path = Info.plist; sourceTree = "<group>"; };
		16324A9E2216B34700A6DE3B /* EnhanceAppRobust-OSX.app */ = {isa = PBXFileReference; explicitFileType = wrapper.application; includeInIndex = 0; path = "EnhanceAppRobust-OSX.app"; sourceTree = BUILT_PRODUCTS_DIR; };
		16324AA02216B34700A6DE3B /* AppDelegate.h */ = {isa = PBXFileReference; lastKnownFileType = sourcecode.c.h; path = AppDelegate.h; sourceTree = "<group>"; };
		16324AA12216B34700A6DE3B /* AppDelegate.m */ = {isa = PBXFileReference; lastKnownFileType = sourcecode.c.objc; path = AppDelegate.m; sourceTree = "<group>"; };
		16324AA32216B34700A6DE3B /* ViewController.h */ = {isa = PBXFileReference; lastKnownFileType = sourcecode.c.h; path = ViewController.h; sourceTree = "<group>"; };
		16324AA42216B34700A6DE3B /* ViewController.m */ = {isa = PBXFileReference; lastKnownFileType = sourcecode.c.objc; path = ViewController.m; sourceTree = "<group>"; };
		16324AA62216B34700A6DE3B /* Assets.xcassets */ = {isa = PBXFileReference; lastKnownFileType = folder.assetcatalog; path = Assets.xcassets; sourceTree = "<group>"; };
		16324AA92216B34700A6DE3B /* Base */ = {isa = PBXFileReference; lastKnownFileType = file.storyboard; name = Base; path = Base.lproj/Main.storyboard; sourceTree = "<group>"; };
		16324AAB2216B34700A6DE3B /* Info.plist */ = {isa = PBXFileReference; lastKnownFileType = text.plist.xml; path = Info.plist; sourceTree = "<group>"; };
		16324AAC2216B34700A6DE3B /* main.m */ = {isa = PBXFileReference; lastKnownFileType = sourcecode.c.objc; path = main.m; sourceTree = "<group>"; };
		16324AAE2216B34700A6DE3B /* EnhanceAppRobust_OSX.entitlements */ = {isa = PBXFileReference; lastKnownFileType = text.plist.entitlements; path = EnhanceAppRobust_OSX.entitlements; sourceTree = "<group>"; };
		16324AB32216B34800A6DE3B /* EnhanceAppRobust-OSXTests.xctest */ = {isa = PBXFileReference; explicitFileType = wrapper.cfbundle; includeInIndex = 0; path = "EnhanceAppRobust-OSXTests.xctest"; sourceTree = BUILT_PRODUCTS_DIR; };
		16324AB72216B34800A6DE3B /* EnhanceAppRobust_OSXTests.m */ = {isa = PBXFileReference; lastKnownFileType = sourcecode.c.objc; path = EnhanceAppRobust_OSXTests.m; sourceTree = "<group>"; };
		16324AB92216B34800A6DE3B /* Info.plist */ = {isa = PBXFileReference; lastKnownFileType = text.plist.xml; path = Info.plist; sourceTree = "<group>"; };
		16324ABE2216B34800A6DE3B /* EnhanceAppRobust-OSXUITests.xctest */ = {isa = PBXFileReference; explicitFileType = wrapper.cfbundle; includeInIndex = 0; path = "EnhanceAppRobust-OSXUITests.xctest"; sourceTree = BUILT_PRODUCTS_DIR; };
		16324AC22216B34800A6DE3B /* EnhanceAppRobust_OSXUITests.m */ = {isa = PBXFileReference; lastKnownFileType = sourcecode.c.objc; path = EnhanceAppRobust_OSXUITests.m; sourceTree = "<group>"; };
		16324AC42216B34800A6DE3B /* Info.plist */ = {isa = PBXFileReference; lastKnownFileType = text.plist.xml; path = Info.plist; sourceTree = "<group>"; };
		16324AD22216B3B200A6DE3B /* EnhanceAppRobust-iOS.app */ = {isa = PBXFileReference; explicitFileType = wrapper.application; includeInIndex = 0; path = "EnhanceAppRobust-iOS.app"; sourceTree = BUILT_PRODUCTS_DIR; };
		16324AD42216B3B200A6DE3B /* AppDelegate.h */ = {isa = PBXFileReference; lastKnownFileType = sourcecode.c.h; path = AppDelegate.h; sourceTree = "<group>"; };
		16324AD52216B3B200A6DE3B /* AppDelegate.m */ = {isa = PBXFileReference; lastKnownFileType = sourcecode.c.objc; path = AppDelegate.m; sourceTree = "<group>"; };
		16324AD72216B3B200A6DE3B /* ViewController.h */ = {isa = PBXFileReference; lastKnownFileType = sourcecode.c.h; path = ViewController.h; sourceTree = "<group>"; };
		16324AD82216B3B200A6DE3B /* ViewController.m */ = {isa = PBXFileReference; lastKnownFileType = sourcecode.c.objc; path = ViewController.m; sourceTree = "<group>"; };
		16324ADB2216B3B200A6DE3B /* Base */ = {isa = PBXFileReference; lastKnownFileType = file.storyboard; name = Base; path = Base.lproj/Main.storyboard; sourceTree = "<group>"; };
		16324ADD2216B3B200A6DE3B /* Assets.xcassets */ = {isa = PBXFileReference; lastKnownFileType = folder.assetcatalog; path = Assets.xcassets; sourceTree = "<group>"; };
		16324AE02216B3B200A6DE3B /* Base */ = {isa = PBXFileReference; lastKnownFileType = file.storyboard; name = Base; path = Base.lproj/LaunchScreen.storyboard; sourceTree = "<group>"; };
		16324AE22216B3B200A6DE3B /* Info.plist */ = {isa = PBXFileReference; lastKnownFileType = text.plist.xml; path = Info.plist; sourceTree = "<group>"; };
		16324AE32216B3B200A6DE3B /* main.m */ = {isa = PBXFileReference; lastKnownFileType = sourcecode.c.objc; path = main.m; sourceTree = "<group>"; };
		16324AE92216B3B200A6DE3B /* EnhanceAppRobust-iOSTests.xctest */ = {isa = PBXFileReference; explicitFileType = wrapper.cfbundle; includeInIndex = 0; path = "EnhanceAppRobust-iOSTests.xctest"; sourceTree = BUILT_PRODUCTS_DIR; };
		16324AED2216B3B200A6DE3B /* EnhanceAppRobust_iOSTests.m */ = {isa = PBXFileReference; lastKnownFileType = sourcecode.c.objc; path = EnhanceAppRobust_iOSTests.m; sourceTree = "<group>"; };
		16324AEF2216B3B200A6DE3B /* Info.plist */ = {isa = PBXFileReference; lastKnownFileType = text.plist.xml; path = Info.plist; sourceTree = "<group>"; };
		16324AF42216B3B200A6DE3B /* EnhanceAppRobust-iOSUITests.xctest */ = {isa = PBXFileReference; explicitFileType = wrapper.cfbundle; includeInIndex = 0; path = "EnhanceAppRobust-iOSUITests.xctest"; sourceTree = BUILT_PRODUCTS_DIR; };
		16324AF82216B3B300A6DE3B /* EnhanceAppRobust_iOSUITests.m */ = {isa = PBXFileReference; lastKnownFileType = sourcecode.c.objc; path = EnhanceAppRobust_iOSUITests.m; sourceTree = "<group>"; };
		16324AFA2216B3B300A6DE3B /* Info.plist */ = {isa = PBXFileReference; lastKnownFileType = text.plist.xml; path = Info.plist; sourceTree = "<group>"; };
		16324B062216B40300A6DE3B /* ExceptionCatchManager.m */ = {isa = PBXFileReference; fileEncoding = 4; lastKnownFileType = sourcecode.c.objc; path = ExceptionCatchManager.m; sourceTree = "<group>"; };
		16324B072216B40300A6DE3B /* ExceptionCatchManager.h */ = {isa = PBXFileReference; fileEncoding = 4; lastKnownFileType = sourcecode.c.h; path = ExceptionCatchManager.h; sourceTree = "<group>"; };
		16324B092216B40300A6DE3B /* BSBacktraceLogger.h */ = {isa = PBXFileReference; fileEncoding = 4; lastKnownFileType = sourcecode.c.h; path = BSBacktraceLogger.h; sourceTree = "<group>"; };
		16324B0A2216B40300A6DE3B /* BSBacktraceLogger.m */ = {isa = PBXFileReference; fileEncoding = 4; lastKnownFileType = sourcecode.c.objc; path = BSBacktraceLogger.m; sourceTree = "<group>"; };
		16324B0B2216B40300A6DE3B /* EARHeader.h */ = {isa = PBXFileReference; fileEncoding = 4; lastKnownFileType = sourcecode.c.h; path = EARHeader.h; sourceTree = "<group>"; };
		16324B0D2216B40300A6DE3B /* NSMutableArray+Swizzled.h */ = {isa = PBXFileReference; fileEncoding = 4; lastKnownFileType = sourcecode.c.h; path = "NSMutableArray+Swizzled.h"; sourceTree = "<group>"; };
		16324B0E2216B40300A6DE3B /* NSObject+Swizzled.h */ = {isa = PBXFileReference; fileEncoding = 4; lastKnownFileType = sourcecode.c.h; path = "NSObject+Swizzled.h"; sourceTree = "<group>"; };
		16324B0F2216B40300A6DE3B /* NSMutableDictionary+Swizzled.h */ = {isa = PBXFileReference; fileEncoding = 4; lastKnownFileType = sourcecode.c.h; path = "NSMutableDictionary+Swizzled.h"; sourceTree = "<group>"; };
		16324B102216B40300A6DE3B /* NSArray+Swizzled.m */ = {isa = PBXFileReference; fileEncoding = 4; lastKnownFileType = sourcecode.c.objc; path = "NSArray+Swizzled.m"; sourceTree = "<group>"; };
		16324B112216B40300A6DE3B /* NSMutableIndexSet+Swizzled.h */ = {isa = PBXFileReference; fileEncoding = 4; lastKnownFileType = sourcecode.c.h; path = "NSMutableIndexSet+Swizzled.h"; sourceTree = "<group>"; };
		16324B122216B40300A6DE3B /* NSMutableString+Swizzled.m */ = {isa = PBXFileReference; fileEncoding = 4; lastKnownFileType = sourcecode.c.objc; path = "NSMutableString+Swizzled.m"; sourceTree = "<group>"; };
		16324B132216B40300A6DE3B /* NSObject+CCategory.h */ = {isa = PBXFileReference; fileEncoding = 4; lastKnownFileType = sourcecode.c.h; path = "NSObject+CCategory.h"; sourceTree = "<group>"; };
		16324B142216B40300A6DE3B /* NSString+Swizzled.h */ = {isa = PBXFileReference; fileEncoding = 4; lastKnownFileType = sourcecode.c.h; path = "NSString+Swizzled.h"; sourceTree = "<group>"; };
		16324B152216B40300A6DE3B /* NSMutableArray+Swizzled.m */ = {isa = PBXFileReference; fileEncoding = 4; lastKnownFileType = sourcecode.c.objc; path = "NSMutableArray+Swizzled.m"; sourceTree = "<group>"; };
		16324B162216B40300A6DE3B /* SwizzledHeader.h */ = {isa = PBXFileReference; fileEncoding = 4; lastKnownFileType = sourcecode.c.h; path = SwizzledHeader.h; sourceTree = "<group>"; };
		16324B172216B40300A6DE3B /* NSObject+Swizzled.m */ = {isa = PBXFileReference; fileEncoding = 4; lastKnownFileType = sourcecode.c.objc; path = "NSObject+Swizzled.m"; sourceTree = "<group>"; };
		16324B182216B40300A6DE3B /* NSMutableIndexSet+Swizzled.m */ = {isa = PBXFileReference; fileEncoding = 4; lastKnownFileType = sourcecode.c.objc; path = "NSMutableIndexSet+Swizzled.m"; sourceTree = "<group>"; };
		16324B192216B40300A6DE3B /* NSArray+Swizzled.h */ = {isa = PBXFileReference; fileEncoding = 4; lastKnownFileType = sourcecode.c.h; path = "NSArray+Swizzled.h"; sourceTree = "<group>"; };
		16324B1A2216B40300A6DE3B /* NSMutableDictionary+Swizzled.m */ = {isa = PBXFileReference; fileEncoding = 4; lastKnownFileType = sourcecode.c.objc; path = "NSMutableDictionary+Swizzled.m"; sourceTree = "<group>"; };
		16324B1B2216B40300A6DE3B /* NSString+Swizzled.m */ = {isa = PBXFileReference; fileEncoding = 4; lastKnownFileType = sourcecode.c.objc; path = "NSString+Swizzled.m"; sourceTree = "<group>"; };
		16324B1C2216B40300A6DE3B /* NSObject+CCategory.m */ = {isa = PBXFileReference; fileEncoding = 4; lastKnownFileType = sourcecode.c.objc; path = "NSObject+CCategory.m"; sourceTree = "<group>"; };
		16324B1D2216B40300A6DE3B /* NSMutableString+Swizzled.h */ = {isa = PBXFileReference; fileEncoding = 4; lastKnownFileType = sourcecode.c.h; path = "NSMutableString+Swizzled.h"; sourceTree = "<group>"; };
		16324B1F2216B40300A6DE3B /* SwizzleMethodManager.m */ = {isa = PBXFileReference; fileEncoding = 4; lastKnownFileType = sourcecode.c.objc; path = SwizzleMethodManager.m; sourceTree = "<group>"; };
		16324B202216B40300A6DE3B /* SwizzleMethodManager.h */ = {isa = PBXFileReference; fileEncoding = 4; lastKnownFileType = sourcecode.c.h; path = SwizzleMethodManager.h; sourceTree = "<group>"; };
/* End PBXFileReference section */

/* Begin PBXFrameworksBuildPhase section */
		16324A622216B31600A6DE3B /* Frameworks */ = {
			isa = PBXFrameworksBuildPhase;
			buildActionMask = 2147483647;
			files = (
			);
			runOnlyForDeploymentPostprocessing = 0;
		};
		16324A7A2216B31600A6DE3B /* Frameworks */ = {
			isa = PBXFrameworksBuildPhase;
			buildActionMask = 2147483647;
			files = (
			);
			runOnlyForDeploymentPostprocessing = 0;
		};
		16324A852216B31600A6DE3B /* Frameworks */ = {
			isa = PBXFrameworksBuildPhase;
			buildActionMask = 2147483647;
			files = (
			);
			runOnlyForDeploymentPostprocessing = 0;
		};
		16324A9B2216B34700A6DE3B /* Frameworks */ = {
			isa = PBXFrameworksBuildPhase;
			buildActionMask = 2147483647;
			files = (
			);
			runOnlyForDeploymentPostprocessing = 0;
		};
		16324AB02216B34800A6DE3B /* Frameworks */ = {
			isa = PBXFrameworksBuildPhase;
			buildActionMask = 2147483647;
			files = (
			);
			runOnlyForDeploymentPostprocessing = 0;
		};
		16324ABB2216B34800A6DE3B /* Frameworks */ = {
			isa = PBXFrameworksBuildPhase;
			buildActionMask = 2147483647;
			files = (
			);
			runOnlyForDeploymentPostprocessing = 0;
		};
		16324ACF2216B3B200A6DE3B /* Frameworks */ = {
			isa = PBXFrameworksBuildPhase;
			buildActionMask = 2147483647;
			files = (
			);
			runOnlyForDeploymentPostprocessing = 0;
		};
		16324AE62216B3B200A6DE3B /* Frameworks */ = {
			isa = PBXFrameworksBuildPhase;
			buildActionMask = 2147483647;
			files = (
			);
			runOnlyForDeploymentPostprocessing = 0;
		};
		16324AF12216B3B200A6DE3B /* Frameworks */ = {
			isa = PBXFrameworksBuildPhase;
			buildActionMask = 2147483647;
			files = (
			);
			runOnlyForDeploymentPostprocessing = 0;
		};
/* End PBXFrameworksBuildPhase section */

/* Begin PBXGroup section */
		16324A5C2216B31600A6DE3B = {
			isa = PBXGroup;
			children = (
				16324A672216B31600A6DE3B /* EnhanceAppRobust */,
				16324A802216B31600A6DE3B /* EnhanceAppRobustTests */,
				16324A8B2216B31600A6DE3B /* EnhanceAppRobustUITests */,
				16324A9F2216B34700A6DE3B /* EnhanceAppRobust-OSX */,
				16324AB62216B34800A6DE3B /* EnhanceAppRobust-OSXTests */,
				16324AC12216B34800A6DE3B /* EnhanceAppRobust-OSXUITests */,
				16324AD32216B3B200A6DE3B /* EnhanceAppRobust-iOS */,
				16324AEC2216B3B200A6DE3B /* EnhanceAppRobust-iOSTests */,
				16324AF72216B3B300A6DE3B /* EnhanceAppRobust-iOSUITests */,
				16324A662216B31600A6DE3B /* Products */,
			);
			sourceTree = "<group>";
		};
		16324A662216B31600A6DE3B /* Products */ = {
			isa = PBXGroup;
			children = (
				16324A652216B31600A6DE3B /* EnhanceAppRobust.app */,
				16324A7D2216B31600A6DE3B /* EnhanceAppRobustTests.xctest */,
				16324A882216B31600A6DE3B /* EnhanceAppRobustUITests.xctest */,
				16324A9E2216B34700A6DE3B /* EnhanceAppRobust-OSX.app */,
				16324AB32216B34800A6DE3B /* EnhanceAppRobust-OSXTests.xctest */,
				16324ABE2216B34800A6DE3B /* EnhanceAppRobust-OSXUITests.xctest */,
				16324AD22216B3B200A6DE3B /* EnhanceAppRobust-iOS.app */,
				16324AE92216B3B200A6DE3B /* EnhanceAppRobust-iOSTests.xctest */,
				16324AF42216B3B200A6DE3B /* EnhanceAppRobust-iOSUITests.xctest */,
			);
			name = Products;
			sourceTree = "<group>";
		};
		16324A672216B31600A6DE3B /* EnhanceAppRobust */ = {
			isa = PBXGroup;
			children = (
				16324B042216B40300A6DE3B /* EnhanceAppRobust */,
				16324A682216B31600A6DE3B /* AppDelegate.h */,
				16324A692216B31600A6DE3B /* AppDelegate.m */,
				16324A6B2216B31600A6DE3B /* ViewController.h */,
				16324A6C2216B31600A6DE3B /* ViewController.m */,
				16324A6E2216B31600A6DE3B /* Main.storyboard */,
				16324A712216B31600A6DE3B /* Assets.xcassets */,
				16324A732216B31600A6DE3B /* LaunchScreen.storyboard */,
				16324A762216B31600A6DE3B /* Info.plist */,
				16324A772216B31600A6DE3B /* main.m */,
			);
			path = EnhanceAppRobust;
			sourceTree = "<group>";
		};
		16324A802216B31600A6DE3B /* EnhanceAppRobustTests */ = {
			isa = PBXGroup;
			children = (
				16324A812216B31600A6DE3B /* EnhanceAppRobustTests.m */,
				16324A832216B31600A6DE3B /* Info.plist */,
			);
			path = EnhanceAppRobustTests;
			sourceTree = "<group>";
		};
		16324A8B2216B31600A6DE3B /* EnhanceAppRobustUITests */ = {
			isa = PBXGroup;
			children = (
				16324A8C2216B31600A6DE3B /* EnhanceAppRobustUITests.m */,
				16324A8E2216B31600A6DE3B /* Info.plist */,
			);
			path = EnhanceAppRobustUITests;
			sourceTree = "<group>";
		};
		16324A9F2216B34700A6DE3B /* EnhanceAppRobust-OSX */ = {
			isa = PBXGroup;
			children = (
				16324AA02216B34700A6DE3B /* AppDelegate.h */,
				16324AA12216B34700A6DE3B /* AppDelegate.m */,
				16324AA32216B34700A6DE3B /* ViewController.h */,
				16324AA42216B34700A6DE3B /* ViewController.m */,
				16324AA62216B34700A6DE3B /* Assets.xcassets */,
				16324AA82216B34700A6DE3B /* Main.storyboard */,
				16324AAB2216B34700A6DE3B /* Info.plist */,
				16324AAC2216B34700A6DE3B /* main.m */,
				16324AAE2216B34700A6DE3B /* EnhanceAppRobust_OSX.entitlements */,
			);
			path = "EnhanceAppRobust-OSX";
			sourceTree = "<group>";
		};
		16324AB62216B34800A6DE3B /* EnhanceAppRobust-OSXTests */ = {
			isa = PBXGroup;
			children = (
				16324AB72216B34800A6DE3B /* EnhanceAppRobust_OSXTests.m */,
				16324AB92216B34800A6DE3B /* Info.plist */,
			);
			path = "EnhanceAppRobust-OSXTests";
			sourceTree = "<group>";
		};
		16324AC12216B34800A6DE3B /* EnhanceAppRobust-OSXUITests */ = {
			isa = PBXGroup;
			children = (
				16324AC22216B34800A6DE3B /* EnhanceAppRobust_OSXUITests.m */,
				16324AC42216B34800A6DE3B /* Info.plist */,
			);
			path = "EnhanceAppRobust-OSXUITests";
			sourceTree = "<group>";
		};
		16324AD32216B3B200A6DE3B /* EnhanceAppRobust-iOS */ = {
			isa = PBXGroup;
			children = (
				16324AD42216B3B200A6DE3B /* AppDelegate.h */,
				16324AD52216B3B200A6DE3B /* AppDelegate.m */,
				16324AD72216B3B200A6DE3B /* ViewController.h */,
				16324AD82216B3B200A6DE3B /* ViewController.m */,
				16324ADA2216B3B200A6DE3B /* Main.storyboard */,
				16324ADD2216B3B200A6DE3B /* Assets.xcassets */,
				16324ADF2216B3B200A6DE3B /* LaunchScreen.storyboard */,
				16324AE22216B3B200A6DE3B /* Info.plist */,
				16324AE32216B3B200A6DE3B /* main.m */,
			);
			path = "EnhanceAppRobust-iOS";
			sourceTree = "<group>";
		};
		16324AEC2216B3B200A6DE3B /* EnhanceAppRobust-iOSTests */ = {
			isa = PBXGroup;
			children = (
				16324AED2216B3B200A6DE3B /* EnhanceAppRobust_iOSTests.m */,
				16324AEF2216B3B200A6DE3B /* Info.plist */,
			);
			path = "EnhanceAppRobust-iOSTests";
			sourceTree = "<group>";
		};
		16324AF72216B3B300A6DE3B /* EnhanceAppRobust-iOSUITests */ = {
			isa = PBXGroup;
			children = (
				16324AF82216B3B300A6DE3B /* EnhanceAppRobust_iOSUITests.m */,
				16324AFA2216B3B300A6DE3B /* Info.plist */,
			);
			path = "EnhanceAppRobust-iOSUITests";
			sourceTree = "<group>";
		};
		16324B042216B40300A6DE3B /* EnhanceAppRobust */ = {
			isa = PBXGroup;
			children = (
				16324B0B2216B40300A6DE3B /* EARHeader.h */,
				16324B052216B40300A6DE3B /* ExceptionCatchManager */,
				16324B082216B40300A6DE3B /* BacktraceLogger */,
				16324B0C2216B40300A6DE3B /* Categories */,
				16324B1E2216B40300A6DE3B /* SwizzledManager */,
			);
			path = EnhanceAppRobust;
			sourceTree = "<group>";
		};
		16324B052216B40300A6DE3B /* ExceptionCatchManager */ = {
			isa = PBXGroup;
			children = (
				16324B072216B40300A6DE3B /* ExceptionCatchManager.h */,
				16324B062216B40300A6DE3B /* ExceptionCatchManager.m */,
			);
			path = ExceptionCatchManager;
			sourceTree = "<group>";
		};
		16324B082216B40300A6DE3B /* BacktraceLogger */ = {
			isa = PBXGroup;
			children = (
				16324B092216B40300A6DE3B /* BSBacktraceLogger.h */,
				16324B0A2216B40300A6DE3B /* BSBacktraceLogger.m */,
			);
			path = BacktraceLogger;
			sourceTree = "<group>";
		};
		16324B0C2216B40300A6DE3B /* Categories */ = {
			isa = PBXGroup;
			children = (
				16324B192216B40300A6DE3B /* NSArray+Swizzled.h */,
				16324B102216B40300A6DE3B /* NSArray+Swizzled.m */,
				16324B0D2216B40300A6DE3B /* NSMutableArray+Swizzled.h */,
				16324B152216B40300A6DE3B /* NSMutableArray+Swizzled.m */,
				16324B0F2216B40300A6DE3B /* NSMutableDictionary+Swizzled.h */,
				16324B1A2216B40300A6DE3B /* NSMutableDictionary+Swizzled.m */,
				16324B112216B40300A6DE3B /* NSMutableIndexSet+Swizzled.h */,
				16324B182216B40300A6DE3B /* NSMutableIndexSet+Swizzled.m */,
				16324B1D2216B40300A6DE3B /* NSMutableString+Swizzled.h */,
				16324B122216B40300A6DE3B /* NSMutableString+Swizzled.m */,
				16324B132216B40300A6DE3B /* NSObject+CCategory.h */,
				16324B1C2216B40300A6DE3B /* NSObject+CCategory.m */,
				16324B0E2216B40300A6DE3B /* NSObject+Swizzled.h */,
				16324B172216B40300A6DE3B /* NSObject+Swizzled.m */,
				16324B142216B40300A6DE3B /* NSString+Swizzled.h */,
				16324B1B2216B40300A6DE3B /* NSString+Swizzled.m */,
				16324B162216B40300A6DE3B /* SwizzledHeader.h */,
			);
			path = Categories;
			sourceTree = "<group>";
		};
		16324B1E2216B40300A6DE3B /* SwizzledManager */ = {
			isa = PBXGroup;
			children = (
				16324B202216B40300A6DE3B /* SwizzleMethodManager.h */,
				16324B1F2216B40300A6DE3B /* SwizzleMethodManager.m */,
			);
			path = SwizzledManager;
			sourceTree = "<group>";
		};
/* End PBXGroup section */

/* Begin PBXNativeTarget section */
		16324A642216B31600A6DE3B /* EnhanceAppRobust */ = {
			isa = PBXNativeTarget;
			buildConfigurationList = 16324A912216B31600A6DE3B /* Build configuration list for PBXNativeTarget "EnhanceAppRobust" */;
			buildPhases = (
				16324A612216B31600A6DE3B /* Sources */,
				16324A622216B31600A6DE3B /* Frameworks */,
				16324A632216B31600A6DE3B /* Resources */,
			);
			buildRules = (
			);
			dependencies = (
			);
			name = EnhanceAppRobust;
			productName = EnhanceAppRobust;
			productReference = 16324A652216B31600A6DE3B /* EnhanceAppRobust.app */;
			productType = "com.apple.product-type.application";
		};
		16324A7C2216B31600A6DE3B /* EnhanceAppRobustTests */ = {
			isa = PBXNativeTarget;
			buildConfigurationList = 16324A942216B31600A6DE3B /* Build configuration list for PBXNativeTarget "EnhanceAppRobustTests" */;
			buildPhases = (
				16324A792216B31600A6DE3B /* Sources */,
				16324A7A2216B31600A6DE3B /* Frameworks */,
				16324A7B2216B31600A6DE3B /* Resources */,
			);
			buildRules = (
			);
			dependencies = (
				16324A7F2216B31600A6DE3B /* PBXTargetDependency */,
			);
			name = EnhanceAppRobustTests;
			productName = EnhanceAppRobustTests;
			productReference = 16324A7D2216B31600A6DE3B /* EnhanceAppRobustTests.xctest */;
			productType = "com.apple.product-type.bundle.unit-test";
		};
		16324A872216B31600A6DE3B /* EnhanceAppRobustUITests */ = {
			isa = PBXNativeTarget;
			buildConfigurationList = 16324A972216B31600A6DE3B /* Build configuration list for PBXNativeTarget "EnhanceAppRobustUITests" */;
			buildPhases = (
				16324A842216B31600A6DE3B /* Sources */,
				16324A852216B31600A6DE3B /* Frameworks */,
				16324A862216B31600A6DE3B /* Resources */,
			);
			buildRules = (
			);
			dependencies = (
				16324A8A2216B31600A6DE3B /* PBXTargetDependency */,
			);
			name = EnhanceAppRobustUITests;
			productName = EnhanceAppRobustUITests;
			productReference = 16324A882216B31600A6DE3B /* EnhanceAppRobustUITests.xctest */;
			productType = "com.apple.product-type.bundle.ui-testing";
		};
		16324A9D2216B34700A6DE3B /* EnhanceAppRobust-OSX */ = {
			isa = PBXNativeTarget;
			buildConfigurationList = 16324AC52216B34800A6DE3B /* Build configuration list for PBXNativeTarget "EnhanceAppRobust-OSX" */;
			buildPhases = (
				16324A9A2216B34700A6DE3B /* Sources */,
				16324A9B2216B34700A6DE3B /* Frameworks */,
				16324A9C2216B34700A6DE3B /* Resources */,
			);
			buildRules = (
			);
			dependencies = (
			);
			name = "EnhanceAppRobust-OSX";
			productName = "EnhanceAppRobust-OSX";
			productReference = 16324A9E2216B34700A6DE3B /* EnhanceAppRobust-OSX.app */;
			productType = "com.apple.product-type.application";
		};
		16324AB22216B34800A6DE3B /* EnhanceAppRobust-OSXTests */ = {
			isa = PBXNativeTarget;
			buildConfigurationList = 16324AC82216B34800A6DE3B /* Build configuration list for PBXNativeTarget "EnhanceAppRobust-OSXTests" */;
			buildPhases = (
				16324AAF2216B34800A6DE3B /* Sources */,
				16324AB02216B34800A6DE3B /* Frameworks */,
				16324AB12216B34800A6DE3B /* Resources */,
			);
			buildRules = (
			);
			dependencies = (
				16324AB52216B34800A6DE3B /* PBXTargetDependency */,
			);
			name = "EnhanceAppRobust-OSXTests";
			productName = "EnhanceAppRobust-OSXTests";
			productReference = 16324AB32216B34800A6DE3B /* EnhanceAppRobust-OSXTests.xctest */;
			productType = "com.apple.product-type.bundle.unit-test";
		};
		16324ABD2216B34800A6DE3B /* EnhanceAppRobust-OSXUITests */ = {
			isa = PBXNativeTarget;
			buildConfigurationList = 16324ACB2216B34800A6DE3B /* Build configuration list for PBXNativeTarget "EnhanceAppRobust-OSXUITests" */;
			buildPhases = (
				16324ABA2216B34800A6DE3B /* Sources */,
				16324ABB2216B34800A6DE3B /* Frameworks */,
				16324ABC2216B34800A6DE3B /* Resources */,
			);
			buildRules = (
			);
			dependencies = (
				16324AC02216B34800A6DE3B /* PBXTargetDependency */,
			);
			name = "EnhanceAppRobust-OSXUITests";
			productName = "EnhanceAppRobust-OSXUITests";
			productReference = 16324ABE2216B34800A6DE3B /* EnhanceAppRobust-OSXUITests.xctest */;
			productType = "com.apple.product-type.bundle.ui-testing";
		};
		16324AD12216B3B200A6DE3B /* EnhanceAppRobust-iOS */ = {
			isa = PBXNativeTarget;
			buildConfigurationList = 16324AFB2216B3B300A6DE3B /* Build configuration list for PBXNativeTarget "EnhanceAppRobust-iOS" */;
			buildPhases = (
				16324ACE2216B3B200A6DE3B /* Sources */,
				16324ACF2216B3B200A6DE3B /* Frameworks */,
				16324AD02216B3B200A6DE3B /* Resources */,
			);
			buildRules = (
			);
			dependencies = (
			);
			name = "EnhanceAppRobust-iOS";
			productName = "EnhanceAppRobust-iOS";
			productReference = 16324AD22216B3B200A6DE3B /* EnhanceAppRobust-iOS.app */;
			productType = "com.apple.product-type.application";
		};
		16324AE82216B3B200A6DE3B /* EnhanceAppRobust-iOSTests */ = {
			isa = PBXNativeTarget;
			buildConfigurationList = 16324AFE2216B3B300A6DE3B /* Build configuration list for PBXNativeTarget "EnhanceAppRobust-iOSTests" */;
			buildPhases = (
				16324AE52216B3B200A6DE3B /* Sources */,
				16324AE62216B3B200A6DE3B /* Frameworks */,
				16324AE72216B3B200A6DE3B /* Resources */,
			);
			buildRules = (
			);
			dependencies = (
				16324AEB2216B3B200A6DE3B /* PBXTargetDependency */,
			);
			name = "EnhanceAppRobust-iOSTests";
			productName = "EnhanceAppRobust-iOSTests";
			productReference = 16324AE92216B3B200A6DE3B /* EnhanceAppRobust-iOSTests.xctest */;
			productType = "com.apple.product-type.bundle.unit-test";
		};
		16324AF32216B3B200A6DE3B /* EnhanceAppRobust-iOSUITests */ = {
			isa = PBXNativeTarget;
			buildConfigurationList = 16324B012216B3B300A6DE3B /* Build configuration list for PBXNativeTarget "EnhanceAppRobust-iOSUITests" */;
			buildPhases = (
				16324AF02216B3B200A6DE3B /* Sources */,
				16324AF12216B3B200A6DE3B /* Frameworks */,
				16324AF22216B3B200A6DE3B /* Resources */,
			);
			buildRules = (
			);
			dependencies = (
				16324AF62216B3B300A6DE3B /* PBXTargetDependency */,
			);
			name = "EnhanceAppRobust-iOSUITests";
			productName = "EnhanceAppRobust-iOSUITests";
			productReference = 16324AF42216B3B200A6DE3B /* EnhanceAppRobust-iOSUITests.xctest */;
			productType = "com.apple.product-type.bundle.ui-testing";
		};
/* End PBXNativeTarget section */

/* Begin PBXProject section */
		16324A5D2216B31600A6DE3B /* Project object */ = {
			isa = PBXProject;
			attributes = {
				LastUpgradeCheck = 1010;
				ORGANIZATIONNAME = wujungao;
				TargetAttributes = {
					16324A642216B31600A6DE3B = {
						CreatedOnToolsVersion = 10.1;
					};
					16324A7C2216B31600A6DE3B = {
						CreatedOnToolsVersion = 10.1;
						TestTargetID = 16324A642216B31600A6DE3B;
					};
					16324A872216B31600A6DE3B = {
						CreatedOnToolsVersion = 10.1;
						TestTargetID = 16324A642216B31600A6DE3B;
					};
					16324A9D2216B34700A6DE3B = {
						CreatedOnToolsVersion = 10.1;
					};
					16324AB22216B34800A6DE3B = {
						CreatedOnToolsVersion = 10.1;
						TestTargetID = 16324A9D2216B34700A6DE3B;
					};
					16324ABD2216B34800A6DE3B = {
						CreatedOnToolsVersion = 10.1;
						TestTargetID = 16324A9D2216B34700A6DE3B;
					};
					16324AD12216B3B200A6DE3B = {
						CreatedOnToolsVersion = 10.1;
					};
					16324AE82216B3B200A6DE3B = {
						CreatedOnToolsVersion = 10.1;
						TestTargetID = 16324AD12216B3B200A6DE3B;
					};
					16324AF32216B3B200A6DE3B = {
						CreatedOnToolsVersion = 10.1;
						TestTargetID = 16324AD12216B3B200A6DE3B;
					};
				};
			};
			buildConfigurationList = 16324A602216B31600A6DE3B /* Build configuration list for PBXProject "EnhanceAppRobust" */;
			compatibilityVersion = "Xcode 9.3";
			developmentRegion = en;
			hasScannedForEncodings = 0;
			knownRegions = (
				en,
				Base,
			);
			mainGroup = 16324A5C2216B31600A6DE3B;
			productRefGroup = 16324A662216B31600A6DE3B /* Products */;
			projectDirPath = "";
			projectRoot = "";
			targets = (
				16324A642216B31600A6DE3B /* EnhanceAppRobust */,
				16324A7C2216B31600A6DE3B /* EnhanceAppRobustTests */,
				16324A872216B31600A6DE3B /* EnhanceAppRobustUITests */,
				16324A9D2216B34700A6DE3B /* EnhanceAppRobust-OSX */,
				16324AB22216B34800A6DE3B /* EnhanceAppRobust-OSXTests */,
				16324ABD2216B34800A6DE3B /* EnhanceAppRobust-OSXUITests */,
				16324AD12216B3B200A6DE3B /* EnhanceAppRobust-iOS */,
				16324AE82216B3B200A6DE3B /* EnhanceAppRobust-iOSTests */,
				16324AF32216B3B200A6DE3B /* EnhanceAppRobust-iOSUITests */,
			);
		};
/* End PBXProject section */

/* Begin PBXResourcesBuildPhase section */
		16324A632216B31600A6DE3B /* Resources */ = {
			isa = PBXResourcesBuildPhase;
			buildActionMask = 2147483647;
			files = (
				16324A752216B31600A6DE3B /* LaunchScreen.storyboard in Resources */,
				16324A722216B31600A6DE3B /* Assets.xcassets in Resources */,
				16324A702216B31600A6DE3B /* Main.storyboard in Resources */,
			);
			runOnlyForDeploymentPostprocessing = 0;
		};
		16324A7B2216B31600A6DE3B /* Resources */ = {
			isa = PBXResourcesBuildPhase;
			buildActionMask = 2147483647;
			files = (
			);
			runOnlyForDeploymentPostprocessing = 0;
		};
		16324A862216B31600A6DE3B /* Resources */ = {
			isa = PBXResourcesBuildPhase;
			buildActionMask = 2147483647;
			files = (
			);
			runOnlyForDeploymentPostprocessing = 0;
		};
		16324A9C2216B34700A6DE3B /* Resources */ = {
			isa = PBXResourcesBuildPhase;
			buildActionMask = 2147483647;
			files = (
				16324AA72216B34700A6DE3B /* Assets.xcassets in Resources */,
				16324AAA2216B34700A6DE3B /* Main.storyboard in Resources */,
			);
			runOnlyForDeploymentPostprocessing = 0;
		};
		16324AB12216B34800A6DE3B /* Resources */ = {
			isa = PBXResourcesBuildPhase;
			buildActionMask = 2147483647;
			files = (
			);
			runOnlyForDeploymentPostprocessing = 0;
		};
		16324ABC2216B34800A6DE3B /* Resources */ = {
			isa = PBXResourcesBuildPhase;
			buildActionMask = 2147483647;
			files = (
			);
			runOnlyForDeploymentPostprocessing = 0;
		};
		16324AD02216B3B200A6DE3B /* Resources */ = {
			isa = PBXResourcesBuildPhase;
			buildActionMask = 2147483647;
			files = (
				16324AE12216B3B200A6DE3B /* LaunchScreen.storyboard in Resources */,
				16324ADE2216B3B200A6DE3B /* Assets.xcassets in Resources */,
				16324ADC2216B3B200A6DE3B /* Main.storyboard in Resources */,
			);
			runOnlyForDeploymentPostprocessing = 0;
		};
		16324AE72216B3B200A6DE3B /* Resources */ = {
			isa = PBXResourcesBuildPhase;
			buildActionMask = 2147483647;
			files = (
			);
			runOnlyForDeploymentPostprocessing = 0;
		};
		16324AF22216B3B200A6DE3B /* Resources */ = {
			isa = PBXResourcesBuildPhase;
			buildActionMask = 2147483647;
			files = (
			);
			runOnlyForDeploymentPostprocessing = 0;
		};
/* End PBXResourcesBuildPhase section */

/* Begin PBXSourcesBuildPhase section */
		16324A612216B31600A6DE3B /* Sources */ = {
			isa = PBXSourcesBuildPhase;
			buildActionMask = 2147483647;
			files = (
				16324A6D2216B31600A6DE3B /* ViewController.m in Sources */,
				16324B392216B40300A6DE3B /* NSString+Swizzled.m in Sources */,
				16324A782216B31600A6DE3B /* main.m in Sources */,
				16324A6A2216B31600A6DE3B /* AppDelegate.m in Sources */,
				16324B212216B40300A6DE3B /* ExceptionCatchManager.m in Sources */,
				16324B3C2216B40300A6DE3B /* NSObject+CCategory.m in Sources */,
				16324B302216B40300A6DE3B /* NSObject+Swizzled.m in Sources */,
				16324B2A2216B40300A6DE3B /* NSMutableString+Swizzled.m in Sources */,
				16324B2D2216B40300A6DE3B /* NSMutableArray+Swizzled.m in Sources */,
				16324B3F2216B40300A6DE3B /* SwizzleMethodManager.m in Sources */,
				16324B272216B40300A6DE3B /* NSArray+Swizzled.m in Sources */,
				16324B242216B40300A6DE3B /* BSBacktraceLogger.m in Sources */,
				16324B332216B40300A6DE3B /* NSMutableIndexSet+Swizzled.m in Sources */,
				16324B362216B40300A6DE3B /* NSMutableDictionary+Swizzled.m in Sources */,
			);
			runOnlyForDeploymentPostprocessing = 0;
		};
		16324A792216B31600A6DE3B /* Sources */ = {
			isa = PBXSourcesBuildPhase;
			buildActionMask = 2147483647;
			files = (
				16324A822216B31600A6DE3B /* EnhanceAppRobustTests.m in Sources */,
			);
			runOnlyForDeploymentPostprocessing = 0;
		};
		16324A842216B31600A6DE3B /* Sources */ = {
			isa = PBXSourcesBuildPhase;
			buildActionMask = 2147483647;
			files = (
				16324A8D2216B31600A6DE3B /* EnhanceAppRobustUITests.m in Sources */,
			);
			runOnlyForDeploymentPostprocessing = 0;
		};
		16324A9A2216B34700A6DE3B /* Sources */ = {
			isa = PBXSourcesBuildPhase;
			buildActionMask = 2147483647;
			files = (
				16324AA52216B34700A6DE3B /* ViewController.m in Sources */,
				16324B3A2216B40300A6DE3B /* NSString+Swizzled.m in Sources */,
				16324AAD2216B34700A6DE3B /* main.m in Sources */,
				16324AA22216B34700A6DE3B /* AppDelegate.m in Sources */,
				16324B222216B40300A6DE3B /* ExceptionCatchManager.m in Sources */,
				16324B3D2216B40300A6DE3B /* NSObject+CCategory.m in Sources */,
				16324B312216B40300A6DE3B /* NSObject+Swizzled.m in Sources */,
				16324B2B2216B40300A6DE3B /* NSMutableString+Swizzled.m in Sources */,
				16324B2E2216B40300A6DE3B /* NSMutableArray+Swizzled.m in Sources */,
				16324B402216B40300A6DE3B /* SwizzleMethodManager.m in Sources */,
				16324B282216B40300A6DE3B /* NSArray+Swizzled.m in Sources */,
				16324B252216B40300A6DE3B /* BSBacktraceLogger.m in Sources */,
				16324B342216B40300A6DE3B /* NSMutableIndexSet+Swizzled.m in Sources */,
				16324B372216B40300A6DE3B /* NSMutableDictionary+Swizzled.m in Sources */,
			);
			runOnlyForDeploymentPostprocessing = 0;
		};
		16324AAF2216B34800A6DE3B /* Sources */ = {
			isa = PBXSourcesBuildPhase;
			buildActionMask = 2147483647;
			files = (
				16324AB82216B34800A6DE3B /* EnhanceAppRobust_OSXTests.m in Sources */,
			);
			runOnlyForDeploymentPostprocessing = 0;
		};
		16324ABA2216B34800A6DE3B /* Sources */ = {
			isa = PBXSourcesBuildPhase;
			buildActionMask = 2147483647;
			files = (
				16324AC32216B34800A6DE3B /* EnhanceAppRobust_OSXUITests.m in Sources */,
			);
			runOnlyForDeploymentPostprocessing = 0;
		};
		16324ACE2216B3B200A6DE3B /* Sources */ = {
			isa = PBXSourcesBuildPhase;
			buildActionMask = 2147483647;
			files = (
				16324AD92216B3B200A6DE3B /* ViewController.m in Sources */,
				16324B3B2216B40300A6DE3B /* NSString+Swizzled.m in Sources */,
				16324AE42216B3B200A6DE3B /* main.m in Sources */,
				16324AD62216B3B200A6DE3B /* AppDelegate.m in Sources */,
				16324B232216B40300A6DE3B /* ExceptionCatchManager.m in Sources */,
				16324B3E2216B40300A6DE3B /* NSObject+CCategory.m in Sources */,
				16324B322216B40300A6DE3B /* NSObject+Swizzled.m in Sources */,
				16324B2C2216B40300A6DE3B /* NSMutableString+Swizzled.m in Sources */,
				16324B2F2216B40300A6DE3B /* NSMutableArray+Swizzled.m in Sources */,
				16324B412216B40300A6DE3B /* SwizzleMethodManager.m in Sources */,
				16324B292216B40300A6DE3B /* NSArray+Swizzled.m in Sources */,
				16324B262216B40300A6DE3B /* BSBacktraceLogger.m in Sources */,
				16324B352216B40300A6DE3B /* NSMutableIndexSet+Swizzled.m in Sources */,
				16324B382216B40300A6DE3B /* NSMutableDictionary+Swizzled.m in Sources */,
			);
			runOnlyForDeploymentPostprocessing = 0;
		};
		16324AE52216B3B200A6DE3B /* Sources */ = {
			isa = PBXSourcesBuildPhase;
			buildActionMask = 2147483647;
			files = (
				16324AEE2216B3B200A6DE3B /* EnhanceAppRobust_iOSTests.m in Sources */,
			);
			runOnlyForDeploymentPostprocessing = 0;
		};
		16324AF02216B3B200A6DE3B /* Sources */ = {
			isa = PBXSourcesBuildPhase;
			buildActionMask = 2147483647;
			files = (
				16324AF92216B3B300A6DE3B /* EnhanceAppRobust_iOSUITests.m in Sources */,
			);
			runOnlyForDeploymentPostprocessing = 0;
		};
/* End PBXSourcesBuildPhase section */

/* Begin PBXTargetDependency section */
		16324A7F2216B31600A6DE3B /* PBXTargetDependency */ = {
			isa = PBXTargetDependency;
			target = 16324A642216B31600A6DE3B /* EnhanceAppRobust */;
			targetProxy = 16324A7E2216B31600A6DE3B /* PBXContainerItemProxy */;
		};
		16324A8A2216B31600A6DE3B /* PBXTargetDependency */ = {
			isa = PBXTargetDependency;
			target = 16324A642216B31600A6DE3B /* EnhanceAppRobust */;
			targetProxy = 16324A892216B31600A6DE3B /* PBXContainerItemProxy */;
		};
		16324AB52216B34800A6DE3B /* PBXTargetDependency */ = {
			isa = PBXTargetDependency;
			target = 16324A9D2216B34700A6DE3B /* EnhanceAppRobust-OSX */;
			targetProxy = 16324AB42216B34800A6DE3B /* PBXContainerItemProxy */;
		};
		16324AC02216B34800A6DE3B /* PBXTargetDependency */ = {
			isa = PBXTargetDependency;
			target = 16324A9D2216B34700A6DE3B /* EnhanceAppRobust-OSX */;
			targetProxy = 16324ABF2216B34800A6DE3B /* PBXContainerItemProxy */;
		};
		16324AEB2216B3B200A6DE3B /* PBXTargetDependency */ = {
			isa = PBXTargetDependency;
			target = 16324AD12216B3B200A6DE3B /* EnhanceAppRobust-iOS */;
			targetProxy = 16324AEA2216B3B200A6DE3B /* PBXContainerItemProxy */;
		};
		16324AF62216B3B300A6DE3B /* PBXTargetDependency */ = {
			isa = PBXTargetDependency;
			target = 16324AD12216B3B200A6DE3B /* EnhanceAppRobust-iOS */;
			targetProxy = 16324AF52216B3B300A6DE3B /* PBXContainerItemProxy */;
		};
/* End PBXTargetDependency section */

/* Begin PBXVariantGroup section */
		16324A6E2216B31600A6DE3B /* Main.storyboard */ = {
			isa = PBXVariantGroup;
			children = (
				16324A6F2216B31600A6DE3B /* Base */,
			);
			name = Main.storyboard;
			sourceTree = "<group>";
		};
		16324A732216B31600A6DE3B /* LaunchScreen.storyboard */ = {
			isa = PBXVariantGroup;
			children = (
				16324A742216B31600A6DE3B /* Base */,
			);
			name = LaunchScreen.storyboard;
			sourceTree = "<group>";
		};
		16324AA82216B34700A6DE3B /* Main.storyboard */ = {
			isa = PBXVariantGroup;
			children = (
				16324AA92216B34700A6DE3B /* Base */,
			);
			name = Main.storyboard;
			sourceTree = "<group>";
		};
		16324ADA2216B3B200A6DE3B /* Main.storyboard */ = {
			isa = PBXVariantGroup;
			children = (
				16324ADB2216B3B200A6DE3B /* Base */,
			);
			name = Main.storyboard;
			sourceTree = "<group>";
		};
		16324ADF2216B3B200A6DE3B /* LaunchScreen.storyboard */ = {
			isa = PBXVariantGroup;
			children = (
				16324AE02216B3B200A6DE3B /* Base */,
			);
			name = LaunchScreen.storyboard;
			sourceTree = "<group>";
		};
/* End PBXVariantGroup section */

/* Begin XCBuildConfiguration section */
		16324A8F2216B31600A6DE3B /* Debug */ = {
			isa = XCBuildConfiguration;
			buildSettings = {
				ALWAYS_SEARCH_USER_PATHS = NO;
				CLANG_ANALYZER_NONNULL = YES;
				CLANG_ANALYZER_NUMBER_OBJECT_CONVERSION = YES_AGGRESSIVE;
				CLANG_CXX_LANGUAGE_STANDARD = "gnu++14";
				CLANG_CXX_LIBRARY = "libc++";
				CLANG_ENABLE_MODULES = YES;
				CLANG_ENABLE_OBJC_ARC = YES;
				CLANG_ENABLE_OBJC_WEAK = YES;
				CLANG_WARN_BLOCK_CAPTURE_AUTORELEASING = YES;
				CLANG_WARN_BOOL_CONVERSION = YES;
				CLANG_WARN_COMMA = YES;
				CLANG_WARN_CONSTANT_CONVERSION = YES;
				CLANG_WARN_DEPRECATED_OBJC_IMPLEMENTATIONS = YES;
				CLANG_WARN_DIRECT_OBJC_ISA_USAGE = YES_ERROR;
				CLANG_WARN_DOCUMENTATION_COMMENTS = YES;
				CLANG_WARN_EMPTY_BODY = YES;
				CLANG_WARN_ENUM_CONVERSION = YES;
				CLANG_WARN_INFINITE_RECURSION = YES;
				CLANG_WARN_INT_CONVERSION = YES;
				CLANG_WARN_NON_LITERAL_NULL_CONVERSION = YES;
				CLANG_WARN_OBJC_IMPLICIT_RETAIN_SELF = YES;
				CLANG_WARN_OBJC_LITERAL_CONVERSION = YES;
				CLANG_WARN_OBJC_ROOT_CLASS = YES_ERROR;
				CLANG_WARN_RANGE_LOOP_ANALYSIS = YES;
				CLANG_WARN_STRICT_PROTOTYPES = YES;
				CLANG_WARN_SUSPICIOUS_MOVE = YES;
				CLANG_WARN_UNGUARDED_AVAILABILITY = YES_AGGRESSIVE;
				CLANG_WARN_UNREACHABLE_CODE = YES;
				CLANG_WARN__DUPLICATE_METHOD_MATCH = YES;
				CODE_SIGN_IDENTITY = "iPhone Developer";
				COPY_PHASE_STRIP = NO;
				DEBUG_INFORMATION_FORMAT = dwarf;
				ENABLE_STRICT_OBJC_MSGSEND = YES;
				ENABLE_TESTABILITY = YES;
				GCC_C_LANGUAGE_STANDARD = gnu11;
				GCC_DYNAMIC_NO_PIC = NO;
				GCC_NO_COMMON_BLOCKS = YES;
				GCC_OPTIMIZATION_LEVEL = 0;
				GCC_PREPROCESSOR_DEFINITIONS = (
					"DEBUG=1",
					"$(inherited)",
				);
				GCC_WARN_64_TO_32_BIT_CONVERSION = YES;
				GCC_WARN_ABOUT_RETURN_TYPE = YES_ERROR;
				GCC_WARN_UNDECLARED_SELECTOR = YES;
				GCC_WARN_UNINITIALIZED_AUTOS = YES_AGGRESSIVE;
				GCC_WARN_UNUSED_FUNCTION = YES;
				GCC_WARN_UNUSED_VARIABLE = YES;
				IPHONEOS_DEPLOYMENT_TARGET = 12.1;
				MTL_ENABLE_DEBUG_INFO = INCLUDE_SOURCE;
				MTL_FAST_MATH = YES;
				ONLY_ACTIVE_ARCH = YES;
				SDKROOT = iphoneos;
			};
			name = Debug;
		};
		16324A902216B31600A6DE3B /* Release */ = {
			isa = XCBuildConfiguration;
			buildSettings = {
				ALWAYS_SEARCH_USER_PATHS = NO;
				CLANG_ANALYZER_NONNULL = YES;
				CLANG_ANALYZER_NUMBER_OBJECT_CONVERSION = YES_AGGRESSIVE;
				CLANG_CXX_LANGUAGE_STANDARD = "gnu++14";
				CLANG_CXX_LIBRARY = "libc++";
				CLANG_ENABLE_MODULES = YES;
				CLANG_ENABLE_OBJC_ARC = YES;
				CLANG_ENABLE_OBJC_WEAK = YES;
				CLANG_WARN_BLOCK_CAPTURE_AUTORELEASING = YES;
				CLANG_WARN_BOOL_CONVERSION = YES;
				CLANG_WARN_COMMA = YES;
				CLANG_WARN_CONSTANT_CONVERSION = YES;
				CLANG_WARN_DEPRECATED_OBJC_IMPLEMENTATIONS = YES;
				CLANG_WARN_DIRECT_OBJC_ISA_USAGE = YES_ERROR;
				CLANG_WARN_DOCUMENTATION_COMMENTS = YES;
				CLANG_WARN_EMPTY_BODY = YES;
				CLANG_WARN_ENUM_CONVERSION = YES;
				CLANG_WARN_INFINITE_RECURSION = YES;
				CLANG_WARN_INT_CONVERSION = YES;
				CLANG_WARN_NON_LITERAL_NULL_CONVERSION = YES;
				CLANG_WARN_OBJC_IMPLICIT_RETAIN_SELF = YES;
				CLANG_WARN_OBJC_LITERAL_CONVERSION = YES;
				CLANG_WARN_OBJC_ROOT_CLASS = YES_ERROR;
				CLANG_WARN_RANGE_LOOP_ANALYSIS = YES;
				CLANG_WARN_STRICT_PROTOTYPES = YES;
				CLANG_WARN_SUSPICIOUS_MOVE = YES;
				CLANG_WARN_UNGUARDED_AVAILABILITY = YES_AGGRESSIVE;
				CLANG_WARN_UNREACHABLE_CODE = YES;
				CLANG_WARN__DUPLICATE_METHOD_MATCH = YES;
				CODE_SIGN_IDENTITY = "iPhone Developer";
				COPY_PHASE_STRIP = NO;
				DEBUG_INFORMATION_FORMAT = "dwarf-with-dsym";
				ENABLE_NS_ASSERTIONS = NO;
				ENABLE_STRICT_OBJC_MSGSEND = YES;
				GCC_C_LANGUAGE_STANDARD = gnu11;
				GCC_NO_COMMON_BLOCKS = YES;
				GCC_WARN_64_TO_32_BIT_CONVERSION = YES;
				GCC_WARN_ABOUT_RETURN_TYPE = YES_ERROR;
				GCC_WARN_UNDECLARED_SELECTOR = YES;
				GCC_WARN_UNINITIALIZED_AUTOS = YES_AGGRESSIVE;
				GCC_WARN_UNUSED_FUNCTION = YES;
				GCC_WARN_UNUSED_VARIABLE = YES;
				IPHONEOS_DEPLOYMENT_TARGET = 12.1;
				MTL_ENABLE_DEBUG_INFO = NO;
				MTL_FAST_MATH = YES;
				SDKROOT = iphoneos;
				VALIDATE_PRODUCT = YES;
			};
			name = Release;
		};
		16324A922216B31600A6DE3B /* Debug */ = {
			isa = XCBuildConfiguration;
			buildSettings = {
				ASSETCATALOG_COMPILER_APPICON_NAME = AppIcon;
				CODE_SIGN_STYLE = Automatic;
				INFOPLIST_FILE = EnhanceAppRobust/Info.plist;
				LD_RUNPATH_SEARCH_PATHS = (
					"$(inherited)",
					"@executable_path/Frameworks",
				);
				PRODUCT_BUNDLE_IDENTIFIER = demo.proj.EnhanceAppRobust;
				PRODUCT_NAME = "$(TARGET_NAME)";
				TARGETED_DEVICE_FAMILY = "1,2";
			};
			name = Debug;
		};
		16324A932216B31600A6DE3B /* Release */ = {
			isa = XCBuildConfiguration;
			buildSettings = {
				ASSETCATALOG_COMPILER_APPICON_NAME = AppIcon;
				CODE_SIGN_STYLE = Automatic;
				INFOPLIST_FILE = EnhanceAppRobust/Info.plist;
				LD_RUNPATH_SEARCH_PATHS = (
					"$(inherited)",
					"@executable_path/Frameworks",
				);
				PRODUCT_BUNDLE_IDENTIFIER = demo.proj.EnhanceAppRobust;
				PRODUCT_NAME = "$(TARGET_NAME)";
				TARGETED_DEVICE_FAMILY = "1,2";
			};
			name = Release;
		};
		16324A952216B31600A6DE3B /* Debug */ = {
			isa = XCBuildConfiguration;
			buildSettings = {
				BUNDLE_LOADER = "$(TEST_HOST)";
				CODE_SIGN_STYLE = Automatic;
				INFOPLIST_FILE = EnhanceAppRobustTests/Info.plist;
				LD_RUNPATH_SEARCH_PATHS = (
					"$(inherited)",
					"@executable_path/Frameworks",
					"@loader_path/Frameworks",
				);
				PRODUCT_BUNDLE_IDENTIFIER = demo.proj.EnhanceAppRobustTests;
				PRODUCT_NAME = "$(TARGET_NAME)";
				TARGETED_DEVICE_FAMILY = "1,2";
				TEST_HOST = "$(BUILT_PRODUCTS_DIR)/EnhanceAppRobust.app/EnhanceAppRobust";
			};
			name = Debug;
		};
		16324A962216B31600A6DE3B /* Release */ = {
			isa = XCBuildConfiguration;
			buildSettings = {
				BUNDLE_LOADER = "$(TEST_HOST)";
				CODE_SIGN_STYLE = Automatic;
				INFOPLIST_FILE = EnhanceAppRobustTests/Info.plist;
				LD_RUNPATH_SEARCH_PATHS = (
					"$(inherited)",
					"@executable_path/Frameworks",
					"@loader_path/Frameworks",
				);
				PRODUCT_BUNDLE_IDENTIFIER = demo.proj.EnhanceAppRobustTests;
				PRODUCT_NAME = "$(TARGET_NAME)";
				TARGETED_DEVICE_FAMILY = "1,2";
				TEST_HOST = "$(BUILT_PRODUCTS_DIR)/EnhanceAppRobust.app/EnhanceAppRobust";
			};
			name = Release;
		};
		16324A982216B31600A6DE3B /* Debug */ = {
			isa = XCBuildConfiguration;
			buildSettings = {
				CODE_SIGN_STYLE = Automatic;
				INFOPLIST_FILE = EnhanceAppRobustUITests/Info.plist;
				LD_RUNPATH_SEARCH_PATHS = (
					"$(inherited)",
					"@executable_path/Frameworks",
					"@loader_path/Frameworks",
				);
				PRODUCT_BUNDLE_IDENTIFIER = demo.proj.EnhanceAppRobustUITests;
				PRODUCT_NAME = "$(TARGET_NAME)";
				TARGETED_DEVICE_FAMILY = "1,2";
				TEST_TARGET_NAME = EnhanceAppRobust;
			};
			name = Debug;
		};
		16324A992216B31600A6DE3B /* Release */ = {
			isa = XCBuildConfiguration;
			buildSettings = {
				CODE_SIGN_STYLE = Automatic;
				INFOPLIST_FILE = EnhanceAppRobustUITests/Info.plist;
				LD_RUNPATH_SEARCH_PATHS = (
					"$(inherited)",
					"@executable_path/Frameworks",
					"@loader_path/Frameworks",
				);
				PRODUCT_BUNDLE_IDENTIFIER = demo.proj.EnhanceAppRobustUITests;
				PRODUCT_NAME = "$(TARGET_NAME)";
				TARGETED_DEVICE_FAMILY = "1,2";
				TEST_TARGET_NAME = EnhanceAppRobust;
			};
			name = Release;
		};
		16324AC62216B34800A6DE3B /* Debug */ = {
			isa = XCBuildConfiguration;
			buildSettings = {
				ASSETCATALOG_COMPILER_APPICON_NAME = AppIcon;
				CODE_SIGN_ENTITLEMENTS = "EnhanceAppRobust-OSX/EnhanceAppRobust_OSX.entitlements";
				CODE_SIGN_IDENTITY = "-";
				CODE_SIGN_STYLE = Automatic;
				COMBINE_HIDPI_IMAGES = YES;
				HEADER_SEARCH_PATHS = "$(SRCROOT)/EnhanceAppRobust/**";
				INFOPLIST_FILE = "EnhanceAppRobust-OSX/Info.plist";
				LD_RUNPATH_SEARCH_PATHS = (
					"$(inherited)",
					"@executable_path/../Frameworks",
				);
				MACOSX_DEPLOYMENT_TARGET = 10.14;
				PRODUCT_BUNDLE_IDENTIFIER = "demo.proj.EnhanceAppRobust-OSX";
				PRODUCT_NAME = "$(TARGET_NAME)";
				SDKROOT = macosx;
			};
			name = Debug;
		};
		16324AC72216B34800A6DE3B /* Release */ = {
			isa = XCBuildConfiguration;
			buildSettings = {
				ASSETCATALOG_COMPILER_APPICON_NAME = AppIcon;
				CODE_SIGN_ENTITLEMENTS = "EnhanceAppRobust-OSX/EnhanceAppRobust_OSX.entitlements";
				CODE_SIGN_IDENTITY = "-";
				CODE_SIGN_STYLE = Automatic;
				COMBINE_HIDPI_IMAGES = YES;
				HEADER_SEARCH_PATHS = "$(SRCROOT)/EnhanceAppRobust/**";
				INFOPLIST_FILE = "EnhanceAppRobust-OSX/Info.plist";
				LD_RUNPATH_SEARCH_PATHS = (
					"$(inherited)",
					"@executable_path/../Frameworks",
				);
				MACOSX_DEPLOYMENT_TARGET = 10.14;
				PRODUCT_BUNDLE_IDENTIFIER = "demo.proj.EnhanceAppRobust-OSX";
				PRODUCT_NAME = "$(TARGET_NAME)";
				SDKROOT = macosx;
			};
			name = Release;
		};
		16324AC92216B34800A6DE3B /* Debug */ = {
			isa = XCBuildConfiguration;
			buildSettings = {
				BUNDLE_LOADER = "$(TEST_HOST)";
				CODE_SIGN_IDENTITY = "-";
				CODE_SIGN_STYLE = Automatic;
				COMBINE_HIDPI_IMAGES = YES;
				INFOPLIST_FILE = "EnhanceAppRobust-OSXTests/Info.plist";
				LD_RUNPATH_SEARCH_PATHS = (
					"$(inherited)",
					"@executable_path/../Frameworks",
					"@loader_path/../Frameworks",
				);
				MACOSX_DEPLOYMENT_TARGET = 10.14;
				PRODUCT_BUNDLE_IDENTIFIER = "demo.proj.EnhanceAppRobust-OSXTests";
				PRODUCT_NAME = "$(TARGET_NAME)";
				SDKROOT = macosx;
				TEST_HOST = "$(BUILT_PRODUCTS_DIR)/EnhanceAppRobust-OSX.app/Contents/MacOS/EnhanceAppRobust-OSX";
			};
			name = Debug;
		};
		16324ACA2216B34800A6DE3B /* Release */ = {
			isa = XCBuildConfiguration;
			buildSettings = {
				BUNDLE_LOADER = "$(TEST_HOST)";
				CODE_SIGN_IDENTITY = "-";
				CODE_SIGN_STYLE = Automatic;
				COMBINE_HIDPI_IMAGES = YES;
				INFOPLIST_FILE = "EnhanceAppRobust-OSXTests/Info.plist";
				LD_RUNPATH_SEARCH_PATHS = (
					"$(inherited)",
					"@executable_path/../Frameworks",
					"@loader_path/../Frameworks",
				);
				MACOSX_DEPLOYMENT_TARGET = 10.14;
				PRODUCT_BUNDLE_IDENTIFIER = "demo.proj.EnhanceAppRobust-OSXTests";
				PRODUCT_NAME = "$(TARGET_NAME)";
				SDKROOT = macosx;
				TEST_HOST = "$(BUILT_PRODUCTS_DIR)/EnhanceAppRobust-OSX.app/Contents/MacOS/EnhanceAppRobust-OSX";
			};
			name = Release;
		};
		16324ACC2216B34800A6DE3B /* Debug */ = {
			isa = XCBuildConfiguration;
			buildSettings = {
				CODE_SIGN_IDENTITY = "-";
				CODE_SIGN_STYLE = Automatic;
				COMBINE_HIDPI_IMAGES = YES;
				INFOPLIST_FILE = "EnhanceAppRobust-OSXUITests/Info.plist";
				LD_RUNPATH_SEARCH_PATHS = (
					"$(inherited)",
					"@executable_path/../Frameworks",
					"@loader_path/../Frameworks",
				);
				MACOSX_DEPLOYMENT_TARGET = 10.14;
				PRODUCT_BUNDLE_IDENTIFIER = "demo.proj.EnhanceAppRobust-OSXUITests";
				PRODUCT_NAME = "$(TARGET_NAME)";
				SDKROOT = macosx;
				TEST_TARGET_NAME = "EnhanceAppRobust-OSX";
			};
			name = Debug;
		};
		16324ACD2216B34800A6DE3B /* Release */ = {
			isa = XCBuildConfiguration;
			buildSettings = {
				CODE_SIGN_IDENTITY = "-";
				CODE_SIGN_STYLE = Automatic;
				COMBINE_HIDPI_IMAGES = YES;
				INFOPLIST_FILE = "EnhanceAppRobust-OSXUITests/Info.plist";
				LD_RUNPATH_SEARCH_PATHS = (
					"$(inherited)",
					"@executable_path/../Frameworks",
					"@loader_path/../Frameworks",
				);
				MACOSX_DEPLOYMENT_TARGET = 10.14;
				PRODUCT_BUNDLE_IDENTIFIER = "demo.proj.EnhanceAppRobust-OSXUITests";
				PRODUCT_NAME = "$(TARGET_NAME)";
				SDKROOT = macosx;
				TEST_TARGET_NAME = "EnhanceAppRobust-OSX";
			};
			name = Release;
		};
		16324AFC2216B3B300A6DE3B /* Debug */ = {
			isa = XCBuildConfiguration;
			buildSettings = {
				ASSETCATALOG_COMPILER_APPICON_NAME = AppIcon;
				CODE_SIGN_STYLE = Automatic;
				HEADER_SEARCH_PATHS = "$(SRCROOT)/EnhanceAppRobust";
				INFOPLIST_FILE = "EnhanceAppRobust-iOS/Info.plist";
				LD_RUNPATH_SEARCH_PATHS = (
					"$(inherited)",
					"@executable_path/Frameworks",
				);
				PRODUCT_BUNDLE_IDENTIFIER = "demo.proj.EnhanceAppRobust-iOS";
				PRODUCT_NAME = "$(TARGET_NAME)";
				TARGETED_DEVICE_FAMILY = "1,2";
			};
			name = Debug;
		};
		16324AFD2216B3B300A6DE3B /* Release */ = {
			isa = XCBuildConfiguration;
			buildSettings = {
				ASSETCATALOG_COMPILER_APPICON_NAME = AppIcon;
				CODE_SIGN_STYLE = Automatic;
				HEADER_SEARCH_PATHS = "$(SRCROOT)/EnhanceAppRobust";
				INFOPLIST_FILE = "EnhanceAppRobust-iOS/Info.plist";
				LD_RUNPATH_SEARCH_PATHS = (
					"$(inherited)",
					"@executable_path/Frameworks",
				);
				PRODUCT_BUNDLE_IDENTIFIER = "demo.proj.EnhanceAppRobust-iOS";
				PRODUCT_NAME = "$(TARGET_NAME)";
				TARGETED_DEVICE_FAMILY = "1,2";
			};
			name = Release;
		};
		16324AFF2216B3B300A6DE3B /* Debug */ = {
			isa = XCBuildConfiguration;
			buildSettings = {
				BUNDLE_LOADER = "$(TEST_HOST)";
				CODE_SIGN_STYLE = Automatic;
				INFOPLIST_FILE = "EnhanceAppRobust-iOSTests/Info.plist";
				LD_RUNPATH_SEARCH_PATHS = (
					"$(inherited)",
					"@executable_path/Frameworks",
					"@loader_path/Frameworks",
				);
				PRODUCT_BUNDLE_IDENTIFIER = "demo.proj.EnhanceAppRobust-iOSTests";
				PRODUCT_NAME = "$(TARGET_NAME)";
				TARGETED_DEVICE_FAMILY = "1,2";
				TEST_HOST = "$(BUILT_PRODUCTS_DIR)/EnhanceAppRobust-iOS.app/EnhanceAppRobust-iOS";
			};
			name = Debug;
		};
		16324B002216B3B300A6DE3B /* Release */ = {
			isa = XCBuildConfiguration;
			buildSettings = {
				BUNDLE_LOADER = "$(TEST_HOST)";
				CODE_SIGN_STYLE = Automatic;
				INFOPLIST_FILE = "EnhanceAppRobust-iOSTests/Info.plist";
				LD_RUNPATH_SEARCH_PATHS = (
					"$(inherited)",
					"@executable_path/Frameworks",
					"@loader_path/Frameworks",
				);
				PRODUCT_BUNDLE_IDENTIFIER = "demo.proj.EnhanceAppRobust-iOSTests";
				PRODUCT_NAME = "$(TARGET_NAME)";
				TARGETED_DEVICE_FAMILY = "1,2";
				TEST_HOST = "$(BUILT_PRODUCTS_DIR)/EnhanceAppRobust-iOS.app/EnhanceAppRobust-iOS";
			};
			name = Release;
		};
		16324B022216B3B300A6DE3B /* Debug */ = {
			isa = XCBuildConfiguration;
			buildSettings = {
				CODE_SIGN_STYLE = Automatic;
				INFOPLIST_FILE = "EnhanceAppRobust-iOSUITests/Info.plist";
				LD_RUNPATH_SEARCH_PATHS = (
					"$(inherited)",
					"@executable_path/Frameworks",
					"@loader_path/Frameworks",
				);
				PRODUCT_BUNDLE_IDENTIFIER = "demo.proj.EnhanceAppRobust-iOSUITests";
				PRODUCT_NAME = "$(TARGET_NAME)";
				TARGETED_DEVICE_FAMILY = "1,2";
				TEST_TARGET_NAME = "EnhanceAppRobust-iOS";
			};
			name = Debug;
		};
		16324B032216B3B300A6DE3B /* Release */ = {
			isa = XCBuildConfiguration;
			buildSettings = {
				CODE_SIGN_STYLE = Automatic;
				INFOPLIST_FILE = "EnhanceAppRobust-iOSUITests/Info.plist";
				LD_RUNPATH_SEARCH_PATHS = (
					"$(inherited)",
					"@executable_path/Frameworks",
					"@loader_path/Frameworks",
				);
				PRODUCT_BUNDLE_IDENTIFIER = "demo.proj.EnhanceAppRobust-iOSUITests";
				PRODUCT_NAME = "$(TARGET_NAME)";
				TARGETED_DEVICE_FAMILY = "1,2";
				TEST_TARGET_NAME = "EnhanceAppRobust-iOS";
			};
			name = Release;
		};
/* End XCBuildConfiguration section */

/* Begin XCConfigurationList section */
		16324A602216B31600A6DE3B /* Build configuration list for PBXProject "EnhanceAppRobust" */ = {
			isa = XCConfigurationList;
			buildConfigurations = (
				16324A8F2216B31600A6DE3B /* Debug */,
				16324A902216B31600A6DE3B /* Release */,
			);
			defaultConfigurationIsVisible = 0;
			defaultConfigurationName = Release;
		};
		16324A912216B31600A6DE3B /* Build configuration list for PBXNativeTarget "EnhanceAppRobust" */ = {
			isa = XCConfigurationList;
			buildConfigurations = (
				16324A922216B31600A6DE3B /* Debug */,
				16324A932216B31600A6DE3B /* Release */,
			);
			defaultConfigurationIsVisible = 0;
			defaultConfigurationName = Release;
		};
		16324A942216B31600A6DE3B /* Build configuration list for PBXNativeTarget "EnhanceAppRobustTests" */ = {
			isa = XCConfigurationList;
			buildConfigurations = (
				16324A952216B31600A6DE3B /* Debug */,
				16324A962216B31600A6DE3B /* Release */,
			);
			defaultConfigurationIsVisible = 0;
			defaultConfigurationName = Release;
		};
		16324A972216B31600A6DE3B /* Build configuration list for PBXNativeTarget "EnhanceAppRobustUITests" */ = {
			isa = XCConfigurationList;
			buildConfigurations = (
				16324A982216B31600A6DE3B /* Debug */,
				16324A992216B31600A6DE3B /* Release */,
			);
			defaultConfigurationIsVisible = 0;
			defaultConfigurationName = Release;
		};
		16324AC52216B34800A6DE3B /* Build configuration list for PBXNativeTarget "EnhanceAppRobust-OSX" */ = {
			isa = XCConfigurationList;
			buildConfigurations = (
				16324AC62216B34800A6DE3B /* Debug */,
				16324AC72216B34800A6DE3B /* Release */,
			);
			defaultConfigurationIsVisible = 0;
			defaultConfigurationName = Release;
		};
		16324AC82216B34800A6DE3B /* Build configuration list for PBXNativeTarget "EnhanceAppRobust-OSXTests" */ = {
			isa = XCConfigurationList;
			buildConfigurations = (
				16324AC92216B34800A6DE3B /* Debug */,
				16324ACA2216B34800A6DE3B /* Release */,
			);
			defaultConfigurationIsVisible = 0;
			defaultConfigurationName = Release;
		};
		16324ACB2216B34800A6DE3B /* Build configuration list for PBXNativeTarget "EnhanceAppRobust-OSXUITests" */ = {
			isa = XCConfigurationList;
			buildConfigurations = (
				16324ACC2216B34800A6DE3B /* Debug */,
				16324ACD2216B34800A6DE3B /* Release */,
			);
			defaultConfigurationIsVisible = 0;
			defaultConfigurationName = Release;
		};
		16324AFB2216B3B300A6DE3B /* Build configuration list for PBXNativeTarget "EnhanceAppRobust-iOS" */ = {
			isa = XCConfigurationList;
			buildConfigurations = (
				16324AFC2216B3B300A6DE3B /* Debug */,
				16324AFD2216B3B300A6DE3B /* Release */,
			);
			defaultConfigurationIsVisible = 0;
			defaultConfigurationName = Release;
		};
		16324AFE2216B3B300A6DE3B /* Build configuration list for PBXNativeTarget "EnhanceAppRobust-iOSTests" */ = {
			isa = XCConfigurationList;
			buildConfigurations = (
				16324AFF2216B3B300A6DE3B /* Debug */,
				16324B002216B3B300A6DE3B /* Release */,
			);
			defaultConfigurationIsVisible = 0;
			defaultConfigurationName = Release;
		};
		16324B012216B3B300A6DE3B /* Build configuration list for PBXNativeTarget "EnhanceAppRobust-iOSUITests" */ = {
			isa = XCConfigurationList;
			buildConfigurations = (
				16324B022216B3B300A6DE3B /* Debug */,
				16324B032216B3B300A6DE3B /* Release */,
			);
			defaultConfigurationIsVisible = 0;
			defaultConfigurationName = Release;
		};
/* End XCConfigurationList section */
	};
	rootObject = 16324A5D2216B31600A6DE3B /* Project object */;
}
