// !$*UTF8*$!
{
	archiveVersion = 1;
	classes = {
	};
	objectVersion = 50;
	objects = {

/* Begin PBXBuildFile section */
		1607726121F732C30024A5B8 /* Assets.xcassets in Resources */ = {isa = PBXBuildFile; fileRef = 1607726021F732C30024A5B8 /* Assets.xcassets */; };
		1607726421F732C30024A5B8 /* Main.storyboard in Resources */ = {isa = PBXBuildFile; fileRef = 1607726221F732C30024A5B8 /* Main.storyboard */; };
		1607727221F732C30024A5B8 /* ExceptionCatchReporterTests.m in Sources */ = {isa = PBXBuildFile; fileRef = 1607727121F732C30024A5B8 /* ExceptionCatchReporterTests.m */; };
		1607727D21F732C30024A5B8 /* ExceptionCatchReporterUITests.m in Sources */ = {isa = PBXBuildFile; fileRef = 1607727C21F732C30024A5B8 /* ExceptionCatchReporterUITests.m */; };
		16F579F521F890E00025C4B0 /* SwizzleMethodManager.m in Sources */ = {isa = PBXBuildFile; fileRef = 16F579DE21F890E00025C4B0 /* SwizzleMethodManager.m */; };
		16F579F621F890E00025C4B0 /* NSArray+Swizzled.m in Sources */ = {isa = PBXBuildFile; fileRef = 16F579E421F890E00025C4B0 /* NSArray+Swizzled.m */; };
		16F579F721F890E00025C4B0 /* NSMutableString+Swizzled.m in Sources */ = {isa = PBXBuildFile; fileRef = 16F579E621F890E00025C4B0 /* NSMutableString+Swizzled.m */; };
		16F579F821F890E00025C4B0 /* NSMutableArray+Swizzled.m in Sources */ = {isa = PBXBuildFile; fileRef = 16F579E921F890E00025C4B0 /* NSMutableArray+Swizzled.m */; };
		16F579F921F890E00025C4B0 /* NSObject+Swizzled.m in Sources */ = {isa = PBXBuildFile; fileRef = 16F579EB21F890E00025C4B0 /* NSObject+Swizzled.m */; };
		16F579FA21F890E00025C4B0 /* NSMutableIndexSet+Swizzled.m in Sources */ = {isa = PBXBuildFile; fileRef = 16F579EC21F890E00025C4B0 /* NSMutableIndexSet+Swizzled.m */; };
		16F579FB21F890E00025C4B0 /* NSMutableDictionary+Swizzled.m in Sources */ = {isa = PBXBuildFile; fileRef = 16F579EE21F890E00025C4B0 /* NSMutableDictionary+Swizzled.m */; };
		16F579FC21F890E00025C4B0 /* NSString+Swizzled.m in Sources */ = {isa = PBXBuildFile; fileRef = 16F579EF21F890E00025C4B0 /* NSString+Swizzled.m */; };
		16F579FD21F890E00025C4B0 /* NSObject+CCategory.m in Sources */ = {isa = PBXBuildFile; fileRef = 16F579F021F890E00025C4B0 /* NSObject+CCategory.m */; };
		16F579FE21F890E00025C4B0 /* ExceptionCatchManager.m in Sources */ = {isa = PBXBuildFile; fileRef = 16F579F321F890E00025C4B0 /* ExceptionCatchManager.m */; };
		16F57A0221F8915C0025C4B0 /* ViewController.m in Sources */ = {isa = PBXBuildFile; fileRef = 16F57A0021F8915C0025C4B0 /* ViewController.m */; };
		16F57A0721F891660025C4B0 /* main.m in Sources */ = {isa = PBXBuildFile; fileRef = 16F57A0521F891660025C4B0 /* main.m */; };
		16F57A0821F891660025C4B0 /* Info.plist in Resources */ = {isa = PBXBuildFile; fileRef = 16F57A0621F891660025C4B0 /* Info.plist */; };
		16F57A0C21F8916E0025C4B0 /* BSBacktraceLogger.m in Sources */ = {isa = PBXBuildFile; fileRef = 16F57A0B21F8916D0025C4B0 /* BSBacktraceLogger.m */; };
		16F57A1021F8917E0025C4B0 /* AppDelegate.m in Sources */ = {isa = PBXBuildFile; fileRef = 16F57A0F21F8917E0025C4B0 /* AppDelegate.m */; };
/* End PBXBuildFile section */

/* Begin PBXContainerItemProxy section */
		1607726E21F732C30024A5B8 /* PBXContainerItemProxy */ = {
			isa = PBXContainerItemProxy;
			containerPortal = 1607724F21F732C20024A5B8 /* Project object */;
			proxyType = 1;
			remoteGlobalIDString = 1607725621F732C20024A5B8;
			remoteInfo = ExceptionCatchReporter;
		};
		1607727921F732C30024A5B8 /* PBXContainerItemProxy */ = {
			isa = PBXContainerItemProxy;
			containerPortal = 1607724F21F732C20024A5B8 /* Project object */;
			proxyType = 1;
			remoteGlobalIDString = 1607725621F732C20024A5B8;
			remoteInfo = ExceptionCatchReporter;
		};
/* End PBXContainerItemProxy section */

/* Begin PBXFileReference section */
		1607725721F732C20024A5B8 /* ExceptionCatchReporter.app */ = {isa = PBXFileReference; explicitFileType = wrapper.application; includeInIndex = 0; path = ExceptionCatchReporter.app; sourceTree = BUILT_PRODUCTS_DIR; };
		1607726021F732C30024A5B8 /* Assets.xcassets */ = {isa = PBXFileReference; lastKnownFileType = folder.assetcatalog; path = Assets.xcassets; sourceTree = "<group>"; };
		1607726321F732C30024A5B8 /* Base */ = {isa = PBXFileReference; lastKnownFileType = file.storyboard; name = Base; path = Base.lproj/Main.storyboard; sourceTree = "<group>"; };
		1607726D21F732C30024A5B8 /* ExceptionCatchReporterTests.xctest */ = {isa = PBXFileReference; explicitFileType = wrapper.cfbundle; includeInIndex = 0; path = ExceptionCatchReporterTests.xctest; sourceTree = BUILT_PRODUCTS_DIR; };
		1607727121F732C30024A5B8 /* ExceptionCatchReporterTests.m */ = {isa = PBXFileReference; lastKnownFileType = sourcecode.c.objc; path = ExceptionCatchReporterTests.m; sourceTree = "<group>"; };
		1607727321F732C30024A5B8 /* Info.plist */ = {isa = PBXFileReference; lastKnownFileType = text.plist.xml; path = Info.plist; sourceTree = "<group>"; };
		1607727821F732C30024A5B8 /* ExceptionCatchReporterUITests.xctest */ = {isa = PBXFileReference; explicitFileType = wrapper.cfbundle; includeInIndex = 0; path = ExceptionCatchReporterUITests.xctest; sourceTree = BUILT_PRODUCTS_DIR; };
		1607727C21F732C30024A5B8 /* ExceptionCatchReporterUITests.m */ = {isa = PBXFileReference; lastKnownFileType = sourcecode.c.objc; path = ExceptionCatchReporterUITests.m; sourceTree = "<group>"; };
		1607727E21F732C40024A5B8 /* Info.plist */ = {isa = PBXFileReference; lastKnownFileType = text.plist.xml; path = Info.plist; sourceTree = "<group>"; };
		16F579DE21F890E00025C4B0 /* SwizzleMethodManager.m */ = {isa = PBXFileReference; fileEncoding = 4; lastKnownFileType = sourcecode.c.objc; path = SwizzleMethodManager.m; sourceTree = "<group>"; };
		16F579DF21F890E00025C4B0 /* SwizzleMethodManager.h */ = {isa = PBXFileReference; fileEncoding = 4; lastKnownFileType = sourcecode.c.h; path = SwizzleMethodManager.h; sourceTree = "<group>"; };
		16F579E121F890E00025C4B0 /* NSMutableArray+Swizzled.h */ = {isa = PBXFileReference; fileEncoding = 4; lastKnownFileType = sourcecode.c.h; path = "NSMutableArray+Swizzled.h"; sourceTree = "<group>"; };
		16F579E221F890E00025C4B0 /* NSObject+Swizzled.h */ = {isa = PBXFileReference; fileEncoding = 4; lastKnownFileType = sourcecode.c.h; path = "NSObject+Swizzled.h"; sourceTree = "<group>"; };
		16F579E321F890E00025C4B0 /* NSMutableDictionary+Swizzled.h */ = {isa = PBXFileReference; fileEncoding = 4; lastKnownFileType = sourcecode.c.h; path = "NSMutableDictionary+Swizzled.h"; sourceTree = "<group>"; };
		16F579E421F890E00025C4B0 /* NSArray+Swizzled.m */ = {isa = PBXFileReference; fileEncoding = 4; lastKnownFileType = sourcecode.c.objc; path = "NSArray+Swizzled.m"; sourceTree = "<group>"; };
		16F579E521F890E00025C4B0 /* NSMutableIndexSet+Swizzled.h */ = {isa = PBXFileReference; fileEncoding = 4; lastKnownFileType = sourcecode.c.h; path = "NSMutableIndexSet+Swizzled.h"; sourceTree = "<group>"; };
		16F579E621F890E00025C4B0 /* NSMutableString+Swizzled.m */ = {isa = PBXFileReference; fileEncoding = 4; lastKnownFileType = sourcecode.c.objc; path = "NSMutableString+Swizzled.m"; sourceTree = "<group>"; };
		16F579E721F890E00025C4B0 /* NSObject+CCategory.h */ = {isa = PBXFileReference; fileEncoding = 4; lastKnownFileType = sourcecode.c.h; path = "NSObject+CCategory.h"; sourceTree = "<group>"; };
		16F579E821F890E00025C4B0 /* NSString+Swizzled.h */ = {isa = PBXFileReference; fileEncoding = 4; lastKnownFileType = sourcecode.c.h; path = "NSString+Swizzled.h"; sourceTree = "<group>"; };
		16F579E921F890E00025C4B0 /* NSMutableArray+Swizzled.m */ = {isa = PBXFileReference; fileEncoding = 4; lastKnownFileType = sourcecode.c.objc; path = "NSMutableArray+Swizzled.m"; sourceTree = "<group>"; };
		16F579EA21F890E00025C4B0 /* SwizzledHeader.h */ = {isa = PBXFileReference; fileEncoding = 4; lastKnownFileType = sourcecode.c.h; path = SwizzledHeader.h; sourceTree = "<group>"; };
		16F579EB21F890E00025C4B0 /* NSObject+Swizzled.m */ = {isa = PBXFileReference; fileEncoding = 4; lastKnownFileType = sourcecode.c.objc; path = "NSObject+Swizzled.m"; sourceTree = "<group>"; };
		16F579EC21F890E00025C4B0 /* NSMutableIndexSet+Swizzled.m */ = {isa = PBXFileReference; fileEncoding = 4; lastKnownFileType = sourcecode.c.objc; path = "NSMutableIndexSet+Swizzled.m"; sourceTree = "<group>"; };
		16F579ED21F890E00025C4B0 /* NSArray+Swizzled.h */ = {isa = PBXFileReference; fileEncoding = 4; lastKnownFileType = sourcecode.c.h; path = "NSArray+Swizzled.h"; sourceTree = "<group>"; };
		16F579EE21F890E00025C4B0 /* NSMutableDictionary+Swizzled.m */ = {isa = PBXFileReference; fileEncoding = 4; lastKnownFileType = sourcecode.c.objc; path = "NSMutableDictionary+Swizzled.m"; sourceTree = "<group>"; };
		16F579EF21F890E00025C4B0 /* NSString+Swizzled.m */ = {isa = PBXFileReference; fileEncoding = 4; lastKnownFileType = sourcecode.c.objc; path = "NSString+Swizzled.m"; sourceTree = "<group>"; };
		16F579F021F890E00025C4B0 /* NSObject+CCategory.m */ = {isa = PBXFileReference; fileEncoding = 4; lastKnownFileType = sourcecode.c.objc; path = "NSObject+CCategory.m"; sourceTree = "<group>"; };
		16F579F121F890E00025C4B0 /* NSMutableString+Swizzled.h */ = {isa = PBXFileReference; fileEncoding = 4; lastKnownFileType = sourcecode.c.h; path = "NSMutableString+Swizzled.h"; sourceTree = "<group>"; };
		16F579F321F890E00025C4B0 /* ExceptionCatchManager.m */ = {isa = PBXFileReference; fileEncoding = 4; lastKnownFileType = sourcecode.c.objc; path = ExceptionCatchManager.m; sourceTree = "<group>"; };
		16F579F421F890E00025C4B0 /* ExceptionCatchManager.h */ = {isa = PBXFileReference; fileEncoding = 4; lastKnownFileType = sourcecode.c.h; path = ExceptionCatchManager.h; sourceTree = "<group>"; };
		16F57A0021F8915C0025C4B0 /* ViewController.m */ = {isa = PBXFileReference; fileEncoding = 4; lastKnownFileType = sourcecode.c.objc; path = ViewController.m; sourceTree = "<group>"; };
		16F57A0121F8915C0025C4B0 /* ViewController.h */ = {isa = PBXFileReference; fileEncoding = 4; lastKnownFileType = sourcecode.c.h; path = ViewController.h; sourceTree = "<group>"; };
		16F57A0421F891660025C4B0 /* ExceptionCatchReporter.entitlements */ = {isa = PBXFileReference; fileEncoding = 4; lastKnownFileType = text.plist.entitlements; path = ExceptionCatchReporter.entitlements; sourceTree = "<group>"; };
		16F57A0521F891660025C4B0 /* main.m */ = {isa = PBXFileReference; fileEncoding = 4; lastKnownFileType = sourcecode.c.objc; path = main.m; sourceTree = "<group>"; };
		16F57A0621F891660025C4B0 /* Info.plist */ = {isa = PBXFileReference; fileEncoding = 4; lastKnownFileType = text.plist.xml; path = Info.plist; sourceTree = "<group>"; };
		16F57A0A21F8916D0025C4B0 /* BSBacktraceLogger.h */ = {isa = PBXFileReference; fileEncoding = 4; lastKnownFileType = sourcecode.c.h; path = BSBacktraceLogger.h; sourceTree = "<group>"; };
		16F57A0B21F8916D0025C4B0 /* BSBacktraceLogger.m */ = {isa = PBXFileReference; fileEncoding = 4; lastKnownFileType = sourcecode.c.objc; path = BSBacktraceLogger.m; sourceTree = "<group>"; };
		16F57A0E21F8917E0025C4B0 /* AppDelegate.h */ = {isa = PBXFileReference; fileEncoding = 4; lastKnownFileType = sourcecode.c.h; path = AppDelegate.h; sourceTree = "<group>"; };
		16F57A0F21F8917E0025C4B0 /* AppDelegate.m */ = {isa = PBXFileReference; fileEncoding = 4; lastKnownFileType = sourcecode.c.objc; path = AppDelegate.m; sourceTree = "<group>"; };
/* End PBXFileReference section */

/* Begin PBXFrameworksBuildPhase section */
		1607725421F732C20024A5B8 /* Frameworks */ = {
			isa = PBXFrameworksBuildPhase;
			buildActionMask = 2147483647;
			files = (
			);
			runOnlyForDeploymentPostprocessing = 0;
		};
		1607726A21F732C30024A5B8 /* Frameworks */ = {
			isa = PBXFrameworksBuildPhase;
			buildActionMask = 2147483647;
			files = (
			);
			runOnlyForDeploymentPostprocessing = 0;
		};
		1607727521F732C30024A5B8 /* Frameworks */ = {
			isa = PBXFrameworksBuildPhase;
			buildActionMask = 2147483647;
			files = (
			);
			runOnlyForDeploymentPostprocessing = 0;
		};
/* End PBXFrameworksBuildPhase section */

/* Begin PBXGroup section */
		1607724E21F732C20024A5B8 = {
			isa = PBXGroup;
			children = (
				1607725921F732C20024A5B8 /* ExceptionCatchReporter */,
				1607727021F732C30024A5B8 /* ExceptionCatchReporterTests */,
				1607727B21F732C30024A5B8 /* ExceptionCatchReporterUITests */,
				1607725821F732C20024A5B8 /* Products */,
			);
			sourceTree = "<group>";
		};
		1607725821F732C20024A5B8 /* Products */ = {
			isa = PBXGroup;
			children = (
				1607725721F732C20024A5B8 /* ExceptionCatchReporter.app */,
				1607726D21F732C30024A5B8 /* ExceptionCatchReporterTests.xctest */,
				1607727821F732C30024A5B8 /* ExceptionCatchReporterUITests.xctest */,
			);
			name = Products;
			sourceTree = "<group>";
		};
		1607725921F732C20024A5B8 /* ExceptionCatchReporter */ = {
			isa = PBXGroup;
			children = (
				16F57A0D21F8917E0025C4B0 /* AppDelegate */,
				16F57A0321F891660025C4B0 /* Config */,
				16F579FF21F8915C0025C4B0 /* ViewController */,
				16F579F221F890E00025C4B0 /* ExceptionCatchManager */,
				16F579DD21F890E00025C4B0 /* SwizzledManager */,
				16F57A0921F8916D0025C4B0 /* BacktraceLogger */,
				16F579E021F890E00025C4B0 /* Categories */,
			);
			path = ExceptionCatchReporter;
			sourceTree = "<group>";
		};
		1607727021F732C30024A5B8 /* ExceptionCatchReporterTests */ = {
			isa = PBXGroup;
			children = (
				1607727121F732C30024A5B8 /* ExceptionCatchReporterTests.m */,
				1607727321F732C30024A5B8 /* Info.plist */,
			);
			path = ExceptionCatchReporterTests;
			sourceTree = "<group>";
		};
		1607727B21F732C30024A5B8 /* ExceptionCatchReporterUITests */ = {
			isa = PBXGroup;
			children = (
				1607727C21F732C30024A5B8 /* ExceptionCatchReporterUITests.m */,
				1607727E21F732C40024A5B8 /* Info.plist */,
			);
			path = ExceptionCatchReporterUITests;
			sourceTree = "<group>";
		};
		16F579DD21F890E00025C4B0 /* SwizzledManager */ = {
			isa = PBXGroup;
			children = (
				16F579DE21F890E00025C4B0 /* SwizzleMethodManager.m */,
				16F579DF21F890E00025C4B0 /* SwizzleMethodManager.h */,
			);
			path = SwizzledManager;
			sourceTree = "<group>";
		};
		16F579E021F890E00025C4B0 /* Categories */ = {
			isa = PBXGroup;
			children = (
				16F579EA21F890E00025C4B0 /* SwizzledHeader.h */,
				16F579E221F890E00025C4B0 /* NSObject+Swizzled.h */,
				16F579EB21F890E00025C4B0 /* NSObject+Swizzled.m */,
				16F579E321F890E00025C4B0 /* NSMutableDictionary+Swizzled.h */,
				16F579EE21F890E00025C4B0 /* NSMutableDictionary+Swizzled.m */,
				16F579E721F890E00025C4B0 /* NSObject+CCategory.h */,
				16F579F021F890E00025C4B0 /* NSObject+CCategory.m */,
				16F579E121F890E00025C4B0 /* NSMutableArray+Swizzled.h */,
				16F579E921F890E00025C4B0 /* NSMutableArray+Swizzled.m */,
				16F579E521F890E00025C4B0 /* NSMutableIndexSet+Swizzled.h */,
				16F579EC21F890E00025C4B0 /* NSMutableIndexSet+Swizzled.m */,
				16F579ED21F890E00025C4B0 /* NSArray+Swizzled.h */,
				16F579E421F890E00025C4B0 /* NSArray+Swizzled.m */,
				16F579E821F890E00025C4B0 /* NSString+Swizzled.h */,
				16F579EF21F890E00025C4B0 /* NSString+Swizzled.m */,
				16F579F121F890E00025C4B0 /* NSMutableString+Swizzled.h */,
				16F579E621F890E00025C4B0 /* NSMutableString+Swizzled.m */,
			);
			path = Categories;
			sourceTree = "<group>";
		};
		16F579F221F890E00025C4B0 /* ExceptionCatchManager */ = {
			isa = PBXGroup;
			children = (
				16F579F321F890E00025C4B0 /* ExceptionCatchManager.m */,
				16F579F421F890E00025C4B0 /* ExceptionCatchManager.h */,
			);
			path = ExceptionCatchManager;
			sourceTree = "<group>";
		};
		16F579FF21F8915C0025C4B0 /* ViewController */ = {
			isa = PBXGroup;
			children = (
				16F57A0021F8915C0025C4B0 /* ViewController.m */,
				16F57A0121F8915C0025C4B0 /* ViewController.h */,
			);
			path = ViewController;
			sourceTree = "<group>";
		};
		16F57A0321F891660025C4B0 /* Config */ = {
			isa = PBXGroup;
			children = (
				1607726021F732C30024A5B8 /* Assets.xcassets */,
				1607726221F732C30024A5B8 /* Main.storyboard */,
				16F57A0421F891660025C4B0 /* ExceptionCatchReporter.entitlements */,
				16F57A0521F891660025C4B0 /* main.m */,
				16F57A0621F891660025C4B0 /* Info.plist */,
			);
			path = Config;
			sourceTree = "<group>";
		};
		16F57A0921F8916D0025C4B0 /* BacktraceLogger */ = {
			isa = PBXGroup;
			children = (
				16F57A0A21F8916D0025C4B0 /* BSBacktraceLogger.h */,
				16F57A0B21F8916D0025C4B0 /* BSBacktraceLogger.m */,
			);
			path = BacktraceLogger;
			sourceTree = "<group>";
		};
		16F57A0D21F8917E0025C4B0 /* AppDelegate */ = {
			isa = PBXGroup;
			children = (
				16F57A0E21F8917E0025C4B0 /* AppDelegate.h */,
				16F57A0F21F8917E0025C4B0 /* AppDelegate.m */,
			);
			path = AppDelegate;
			sourceTree = "<group>";
		};
/* End PBXGroup section */

/* Begin PBXNativeTarget section */
		1607725621F732C20024A5B8 /* ExceptionCatchReporter */ = {
			isa = PBXNativeTarget;
			buildConfigurationList = 1607728121F732C40024A5B8 /* Build configuration list for PBXNativeTarget "ExceptionCatchReporter" */;
			buildPhases = (
				1607725321F732C20024A5B8 /* Sources */,
				1607725421F732C20024A5B8 /* Frameworks */,
				1607725521F732C20024A5B8 /* Resources */,
			);
			buildRules = (
			);
			dependencies = (
			);
			name = ExceptionCatchReporter;
			productName = ExceptionCatchReporter;
			productReference = 1607725721F732C20024A5B8 /* ExceptionCatchReporter.app */;
			productType = "com.apple.product-type.application";
		};
		1607726C21F732C30024A5B8 /* ExceptionCatchReporterTests */ = {
			isa = PBXNativeTarget;
			buildConfigurationList = 1607728421F732C40024A5B8 /* Build configuration list for PBXNativeTarget "ExceptionCatchReporterTests" */;
			buildPhases = (
				1607726921F732C30024A5B8 /* Sources */,
				1607726A21F732C30024A5B8 /* Frameworks */,
				1607726B21F732C30024A5B8 /* Resources */,
			);
			buildRules = (
			);
			dependencies = (
				1607726F21F732C30024A5B8 /* PBXTargetDependency */,
			);
			name = ExceptionCatchReporterTests;
			productName = ExceptionCatchReporterTests;
			productReference = 1607726D21F732C30024A5B8 /* ExceptionCatchReporterTests.xctest */;
			productType = "com.apple.product-type.bundle.unit-test";
		};
		1607727721F732C30024A5B8 /* ExceptionCatchReporterUITests */ = {
			isa = PBXNativeTarget;
			buildConfigurationList = 1607728721F732C40024A5B8 /* Build configuration list for PBXNativeTarget "ExceptionCatchReporterUITests" */;
			buildPhases = (
				1607727421F732C30024A5B8 /* Sources */,
				1607727521F732C30024A5B8 /* Frameworks */,
				1607727621F732C30024A5B8 /* Resources */,
			);
			buildRules = (
			);
			dependencies = (
				1607727A21F732C30024A5B8 /* PBXTargetDependency */,
			);
			name = ExceptionCatchReporterUITests;
			productName = ExceptionCatchReporterUITests;
			productReference = 1607727821F732C30024A5B8 /* ExceptionCatchReporterUITests.xctest */;
			productType = "com.apple.product-type.bundle.ui-testing";
		};
/* End PBXNativeTarget section */

/* Begin PBXProject section */
		1607724F21F732C20024A5B8 /* Project object */ = {
			isa = PBXProject;
			attributes = {
				LastUpgradeCheck = 1000;
				ORGANIZATIONNAME = wujungao;
				TargetAttributes = {
					1607725621F732C20024A5B8 = {
						CreatedOnToolsVersion = 10.0;
						SystemCapabilities = {
							com.apple.Sandbox = {
								enabled = 0;
							};
						};
					};
					1607726C21F732C30024A5B8 = {
						CreatedOnToolsVersion = 10.0;
						TestTargetID = 1607725621F732C20024A5B8;
					};
					1607727721F732C30024A5B8 = {
						CreatedOnToolsVersion = 10.0;
						TestTargetID = 1607725621F732C20024A5B8;
					};
				};
			};
			buildConfigurationList = 1607725221F732C20024A5B8 /* Build configuration list for PBXProject "ExceptionCatchReporter" */;
			compatibilityVersion = "Xcode 9.3";
			developmentRegion = en;
			hasScannedForEncodings = 0;
			knownRegions = (
				en,
				Base,
			);
			mainGroup = 1607724E21F732C20024A5B8;
			productRefGroup = 1607725821F732C20024A5B8 /* Products */;
			projectDirPath = "";
			projectRoot = "";
			targets = (
				1607725621F732C20024A5B8 /* ExceptionCatchReporter */,
				1607726C21F732C30024A5B8 /* ExceptionCatchReporterTests */,
				1607727721F732C30024A5B8 /* ExceptionCatchReporterUITests */,
			);
		};
/* End PBXProject section */

/* Begin PBXResourcesBuildPhase section */
		1607725521F732C20024A5B8 /* Resources */ = {
			isa = PBXResourcesBuildPhase;
			buildActionMask = 2147483647;
			files = (
				1607726121F732C30024A5B8 /* Assets.xcassets in Resources */,
				1607726421F732C30024A5B8 /* Main.storyboard in Resources */,
				16F57A0821F891660025C4B0 /* Info.plist in Resources */,
			);
			runOnlyForDeploymentPostprocessing = 0;
		};
		1607726B21F732C30024A5B8 /* Resources */ = {
			isa = PBXResourcesBuildPhase;
			buildActionMask = 2147483647;
			files = (
			);
			runOnlyForDeploymentPostprocessing = 0;
		};
		1607727621F732C30024A5B8 /* Resources */ = {
			isa = PBXResourcesBuildPhase;
			buildActionMask = 2147483647;
			files = (
			);
			runOnlyForDeploymentPostprocessing = 0;
		};
/* End PBXResourcesBuildPhase section */

/* Begin PBXSourcesBuildPhase section */
		1607725321F732C20024A5B8 /* Sources */ = {
			isa = PBXSourcesBuildPhase;
			buildActionMask = 2147483647;
			files = (
				16F579F821F890E00025C4B0 /* NSMutableArray+Swizzled.m in Sources */,
				16F579F621F890E00025C4B0 /* NSArray+Swizzled.m in Sources */,
				16F579F721F890E00025C4B0 /* NSMutableString+Swizzled.m in Sources */,
				16F579FB21F890E00025C4B0 /* NSMutableDictionary+Swizzled.m in Sources */,
				16F579FA21F890E00025C4B0 /* NSMutableIndexSet+Swizzled.m in Sources */,
				16F57A0221F8915C0025C4B0 /* ViewController.m in Sources */,
				16F57A1021F8917E0025C4B0 /* AppDelegate.m in Sources */,
				16F579F921F890E00025C4B0 /* NSObject+Swizzled.m in Sources */,
				16F579FD21F890E00025C4B0 /* NSObject+CCategory.m in Sources */,
				16F579FE21F890E00025C4B0 /* ExceptionCatchManager.m in Sources */,
				16F579FC21F890E00025C4B0 /* NSString+Swizzled.m in Sources */,
				16F57A0C21F8916E0025C4B0 /* BSBacktraceLogger.m in Sources */,
				16F57A0721F891660025C4B0 /* main.m in Sources */,
				16F579F521F890E00025C4B0 /* SwizzleMethodManager.m in Sources */,
			);
			runOnlyForDeploymentPostprocessing = 0;
		};
		1607726921F732C30024A5B8 /* Sources */ = {
			isa = PBXSourcesBuildPhase;
			buildActionMask = 2147483647;
			files = (
				1607727221F732C30024A5B8 /* ExceptionCatchReporterTests.m in Sources */,
			);
			runOnlyForDeploymentPostprocessing = 0;
		};
		1607727421F732C30024A5B8 /* Sources */ = {
			isa = PBXSourcesBuildPhase;
			buildActionMask = 2147483647;
			files = (
				1607727D21F732C30024A5B8 /* ExceptionCatchReporterUITests.m in Sources */,
			);
			runOnlyForDeploymentPostprocessing = 0;
		};
/* End PBXSourcesBuildPhase section */

/* Begin PBXTargetDependency section */
		1607726F21F732C30024A5B8 /* PBXTargetDependency */ = {
			isa = PBXTargetDependency;
			target = 1607725621F732C20024A5B8 /* ExceptionCatchReporter */;
			targetProxy = 1607726E21F732C30024A5B8 /* PBXContainerItemProxy */;
		};
		1607727A21F732C30024A5B8 /* PBXTargetDependency */ = {
			isa = PBXTargetDependency;
			target = 1607725621F732C20024A5B8 /* ExceptionCatchReporter */;
			targetProxy = 1607727921F732C30024A5B8 /* PBXContainerItemProxy */;
		};
/* End PBXTargetDependency section */

/* Begin PBXVariantGroup section */
		1607726221F732C30024A5B8 /* Main.storyboard */ = {
			isa = PBXVariantGroup;
			children = (
				1607726321F732C30024A5B8 /* Base */,
			);
			name = Main.storyboard;
			sourceTree = "<group>";
		};
/* End PBXVariantGroup section */

/* Begin XCBuildConfiguration section */
		1607727F21F732C40024A5B8 /* Debug */ = {
			isa = XCBuildConfiguration;
			buildSettings = {
				ALWAYS_SEARCH_USER_PATHS = NO;
				CLANG_ANALYZER_NONNULL = YES;
				CLANG_ANALYZER_NUMBER_OBJECT_CONVERSION = YES_AGGRESSIVE;
				CLANG_CXX_LANGUAGE_STANDARD = "gnu++14";
				CLANG_CXX_LIBRARY = "libc++";
				CLANG_ENABLE_MODULES = YES;
				CLANG_ENABLE_OBJC_ARC = YES;
				CLANG_ENABLE_OBJC_WEAK = YES;
				CLANG_WARN_BLOCK_CAPTURE_AUTORELEASING = YES;
				CLANG_WARN_BOOL_CONVERSION = YES;
				CLANG_WARN_COMMA = YES;
				CLANG_WARN_CONSTANT_CONVERSION = YES;
				CLANG_WARN_DEPRECATED_OBJC_IMPLEMENTATIONS = YES;
				CLANG_WARN_DIRECT_OBJC_ISA_USAGE = YES_ERROR;
				CLANG_WARN_DOCUMENTATION_COMMENTS = YES;
				CLANG_WARN_EMPTY_BODY = YES;
				CLANG_WARN_ENUM_CONVERSION = YES;
				CLANG_WARN_INFINITE_RECURSION = YES;
				CLANG_WARN_INT_CONVERSION = YES;
				CLANG_WARN_NON_LITERAL_NULL_CONVERSION = YES;
				CLANG_WARN_OBJC_IMPLICIT_RETAIN_SELF = YES;
				CLANG_WARN_OBJC_LITERAL_CONVERSION = YES;
				CLANG_WARN_OBJC_ROOT_CLASS = YES_ERROR;
				CLANG_WARN_RANGE_LOOP_ANALYSIS = YES;
				CLANG_WARN_STRICT_PROTOTYPES = YES;
				CLANG_WARN_SUSPICIOUS_MOVE = YES;
				CLANG_WARN_UNGUARDED_AVAILABILITY = YES_AGGRESSIVE;
				CLANG_WARN_UNREACHABLE_CODE = YES;
				CLANG_WARN__DUPLICATE_METHOD_MATCH = YES;
				CODE_SIGN_IDENTITY = "-";
				COPY_PHASE_STRIP = NO;
				DEBUG_INFORMATION_FORMAT = dwarf;
				ENABLE_STRICT_OBJC_MSGSEND = YES;
				ENABLE_TESTABILITY = YES;
				GCC_C_LANGUAGE_STANDARD = gnu11;
				GCC_DYNAMIC_NO_PIC = NO;
				GCC_NO_COMMON_BLOCKS = YES;
				GCC_OPTIMIZATION_LEVEL = 0;
				GCC_PREPROCESSOR_DEFINITIONS = (
					"DEBUG=1",
					"$(inherited)",
				);
				GCC_WARN_64_TO_32_BIT_CONVERSION = YES;
				GCC_WARN_ABOUT_RETURN_TYPE = YES_ERROR;
				GCC_WARN_UNDECLARED_SELECTOR = YES;
				GCC_WARN_UNINITIALIZED_AUTOS = YES_AGGRESSIVE;
				GCC_WARN_UNUSED_FUNCTION = YES;
				GCC_WARN_UNUSED_VARIABLE = YES;
				MACOSX_DEPLOYMENT_TARGET = 10.13;
				MTL_ENABLE_DEBUG_INFO = INCLUDE_SOURCE;
				MTL_FAST_MATH = YES;
				ONLY_ACTIVE_ARCH = YES;
				SDKROOT = macosx;
			};
			name = Debug;
		};
		1607728021F732C40024A5B8 /* Release */ = {
			isa = XCBuildConfiguration;
			buildSettings = {
				ALWAYS_SEARCH_USER_PATHS = NO;
				CLANG_ANALYZER_NONNULL = YES;
				CLANG_ANALYZER_NUMBER_OBJECT_CONVERSION = YES_AGGRESSIVE;
				CLANG_CXX_LANGUAGE_STANDARD = "gnu++14";
				CLANG_CXX_LIBRARY = "libc++";
				CLANG_ENABLE_MODULES = YES;
				CLANG_ENABLE_OBJC_ARC = YES;
				CLANG_ENABLE_OBJC_WEAK = YES;
				CLANG_WARN_BLOCK_CAPTURE_AUTORELEASING = YES;
				CLANG_WARN_BOOL_CONVERSION = YES;
				CLANG_WARN_COMMA = YES;
				CLANG_WARN_CONSTANT_CONVERSION = YES;
				CLANG_WARN_DEPRECATED_OBJC_IMPLEMENTATIONS = YES;
				CLANG_WARN_DIRECT_OBJC_ISA_USAGE = YES_ERROR;
				CLANG_WARN_DOCUMENTATION_COMMENTS = YES;
				CLANG_WARN_EMPTY_BODY = YES;
				CLANG_WARN_ENUM_CONVERSION = YES;
				CLANG_WARN_INFINITE_RECURSION = YES;
				CLANG_WARN_INT_CONVERSION = YES;
				CLANG_WARN_NON_LITERAL_NULL_CONVERSION = YES;
				CLANG_WARN_OBJC_IMPLICIT_RETAIN_SELF = YES;
				CLANG_WARN_OBJC_LITERAL_CONVERSION = YES;
				CLANG_WARN_OBJC_ROOT_CLASS = YES_ERROR;
				CLANG_WARN_RANGE_LOOP_ANALYSIS = YES;
				CLANG_WARN_STRICT_PROTOTYPES = YES;
				CLANG_WARN_SUSPICIOUS_MOVE = YES;
				CLANG_WARN_UNGUARDED_AVAILABILITY = YES_AGGRESSIVE;
				CLANG_WARN_UNREACHABLE_CODE = YES;
				CLANG_WARN__DUPLICATE_METHOD_MATCH = YES;
				CODE_SIGN_IDENTITY = "-";
				COPY_PHASE_STRIP = NO;
				DEBUG_INFORMATION_FORMAT = "dwarf-with-dsym";
				ENABLE_NS_ASSERTIONS = NO;
				ENABLE_STRICT_OBJC_MSGSEND = YES;
				GCC_C_LANGUAGE_STANDARD = gnu11;
				GCC_NO_COMMON_BLOCKS = YES;
				GCC_WARN_64_TO_32_BIT_CONVERSION = YES;
				GCC_WARN_ABOUT_RETURN_TYPE = YES_ERROR;
				GCC_WARN_UNDECLARED_SELECTOR = YES;
				GCC_WARN_UNINITIALIZED_AUTOS = YES_AGGRESSIVE;
				GCC_WARN_UNUSED_FUNCTION = YES;
				GCC_WARN_UNUSED_VARIABLE = YES;
				MACOSX_DEPLOYMENT_TARGET = 10.13;
				MTL_ENABLE_DEBUG_INFO = NO;
				MTL_FAST_MATH = YES;
				SDKROOT = macosx;
			};
			name = Release;
		};
		1607728221F732C40024A5B8 /* Debug */ = {
			isa = XCBuildConfiguration;
			buildSettings = {
				ASSETCATALOG_COMPILER_APPICON_NAME = AppIcon;
				CODE_SIGN_STYLE = Automatic;
				COMBINE_HIDPI_IMAGES = YES;
				GCC_C_LANGUAGE_STANDARD = gnu11;
				INFOPLIST_FILE = "$(SRCROOT)/ExceptionCatchReporter/Config/Info.plist";
				LD_RUNPATH_SEARCH_PATHS = (
					"$(inherited)",
					"@executable_path/../Frameworks",
				);
				PRODUCT_BUNDLE_IDENTIFIER = demo.proj.ExceptionCatchReporter;
				PRODUCT_NAME = "$(TARGET_NAME)";
			};
			name = Debug;
		};
		1607728321F732C40024A5B8 /* Release */ = {
			isa = XCBuildConfiguration;
			buildSettings = {
				ASSETCATALOG_COMPILER_APPICON_NAME = AppIcon;
				CODE_SIGN_STYLE = Automatic;
				COMBINE_HIDPI_IMAGES = YES;
				GCC_C_LANGUAGE_STANDARD = gnu11;
				INFOPLIST_FILE = "$(SRCROOT)/ExceptionCatchReporter/Config/Info.plist";
				LD_RUNPATH_SEARCH_PATHS = (
					"$(inherited)",
					"@executable_path/../Frameworks",
				);
				PRODUCT_BUNDLE_IDENTIFIER = demo.proj.ExceptionCatchReporter;
				PRODUCT_NAME = "$(TARGET_NAME)";
			};
			name = Release;
		};
		1607728521F732C40024A5B8 /* Debug */ = {
			isa = XCBuildConfiguration;
			buildSettings = {
				BUNDLE_LOADER = "$(TEST_HOST)";
				CODE_SIGN_STYLE = Automatic;
				COMBINE_HIDPI_IMAGES = YES;
				INFOPLIST_FILE = ExceptionCatchReporterTests/Info.plist;
				LD_RUNPATH_SEARCH_PATHS = (
					"$(inherited)",
					"@executable_path/../Frameworks",
					"@loader_path/../Frameworks",
				);
				PRODUCT_BUNDLE_IDENTIFIER = demo.proj.ExceptionCatchReporterTests;
				PRODUCT_NAME = "$(TARGET_NAME)";
				TEST_HOST = "$(BUILT_PRODUCTS_DIR)/ExceptionCatchReporter.app/Contents/MacOS/ExceptionCatchReporter";
			};
			name = Debug;
		};
		1607728621F732C40024A5B8 /* Release */ = {
			isa = XCBuildConfiguration;
			buildSettings = {
				BUNDLE_LOADER = "$(TEST_HOST)";
				CODE_SIGN_STYLE = Automatic;
				COMBINE_HIDPI_IMAGES = YES;
				INFOPLIST_FILE = ExceptionCatchReporterTests/Info.plist;
				LD_RUNPATH_SEARCH_PATHS = (
					"$(inherited)",
					"@executable_path/../Frameworks",
					"@loader_path/../Frameworks",
				);
				PRODUCT_BUNDLE_IDENTIFIER = demo.proj.ExceptionCatchReporterTests;
				PRODUCT_NAME = "$(TARGET_NAME)";
				TEST_HOST = "$(BUILT_PRODUCTS_DIR)/ExceptionCatchReporter.app/Contents/MacOS/ExceptionCatchReporter";
			};
			name = Release;
		};
		1607728821F732C40024A5B8 /* Debug */ = {
			isa = XCBuildConfiguration;
			buildSettings = {
				CODE_SIGN_STYLE = Automatic;
				COMBINE_HIDPI_IMAGES = YES;
				INFOPLIST_FILE = ExceptionCatchReporterUITests/Info.plist;
				LD_RUNPATH_SEARCH_PATHS = (
					"$(inherited)",
					"@executable_path/../Frameworks",
					"@loader_path/../Frameworks",
				);
				PRODUCT_BUNDLE_IDENTIFIER = demo.proj.ExceptionCatchReporterUITests;
				PRODUCT_NAME = "$(TARGET_NAME)";
				TEST_TARGET_NAME = ExceptionCatchReporter;
			};
			name = Debug;
		};
		1607728921F732C40024A5B8 /* Release */ = {
			isa = XCBuildConfiguration;
			buildSettings = {
				CODE_SIGN_STYLE = Automatic;
				COMBINE_HIDPI_IMAGES = YES;
				INFOPLIST_FILE = ExceptionCatchReporterUITests/Info.plist;
				LD_RUNPATH_SEARCH_PATHS = (
					"$(inherited)",
					"@executable_path/../Frameworks",
					"@loader_path/../Frameworks",
				);
				PRODUCT_BUNDLE_IDENTIFIER = demo.proj.ExceptionCatchReporterUITests;
				PRODUCT_NAME = "$(TARGET_NAME)";
				TEST_TARGET_NAME = ExceptionCatchReporter;
			};
			name = Release;
		};
/* End XCBuildConfiguration section */

/* Begin XCConfigurationList section */
		1607725221F732C20024A5B8 /* Build configuration list for PBXProject "ExceptionCatchReporter" */ = {
			isa = XCConfigurationList;
			buildConfigurations = (
				1607727F21F732C40024A5B8 /* Debug */,
				1607728021F732C40024A5B8 /* Release */,
			);
			defaultConfigurationIsVisible = 0;
			defaultConfigurationName = Release;
		};
		1607728121F732C40024A5B8 /* Build configuration list for PBXNativeTarget "ExceptionCatchReporter" */ = {
			isa = XCConfigurationList;
			buildConfigurations = (
				1607728221F732C40024A5B8 /* Debug */,
				1607728321F732C40024A5B8 /* Release */,
			);
			defaultConfigurationIsVisible = 0;
			defaultConfigurationName = Release;
		};
		1607728421F732C40024A5B8 /* Build configuration list for PBXNativeTarget "ExceptionCatchReporterTests" */ = {
			isa = XCConfigurationList;
			buildConfigurations = (
				1607728521F732C40024A5B8 /* Debug */,
				1607728621F732C40024A5B8 /* Release */,
			);
			defaultConfigurationIsVisible = 0;
			defaultConfigurationName = Release;
		};
		1607728721F732C40024A5B8 /* Build configuration list for PBXNativeTarget "ExceptionCatchReporterUITests" */ = {
			isa = XCConfigurationList;
			buildConfigurations = (
				1607728821F732C40024A5B8 /* Debug */,
				1607728921F732C40024A5B8 /* Release */,
			);
			defaultConfigurationIsVisible = 0;
			defaultConfigurationName = Release;
		};
/* End XCConfigurationList section */
	};
	rootObject = 1607724F21F732C20024A5B8 /* Project object */;
}
